// !$*UTF8*$!
{
	archiveVersion = 1;
	classes = {
	};
	objectVersion = 50;
	objects = {

/* Begin PBXBuildFile section */
		B4D5C8352490EA8A00010358 /* AppDelegate.swift in Sources */ = {isa = PBXBuildFile; fileRef = B4D5C8342490EA8A00010358 /* AppDelegate.swift */; };
		B4D5C8372490EA8A00010358 /* SceneDelegate.swift in Sources */ = {isa = PBXBuildFile; fileRef = B4D5C8362490EA8A00010358 /* SceneDelegate.swift */; };
		B4D5C8392490EA8A00010358 /* ContentView.swift in Sources */ = {isa = PBXBuildFile; fileRef = B4D5C8382490EA8A00010358 /* ContentView.swift */; };
		B4D5C83B2490EA8C00010358 /* Assets.xcassets in Resources */ = {isa = PBXBuildFile; fileRef = B4D5C83A2490EA8C00010358 /* Assets.xcassets */; };
		B4D5C83E2490EA8C00010358 /* Preview Assets.xcassets in Resources */ = {isa = PBXBuildFile; fileRef = B4D5C83D2490EA8C00010358 /* Preview Assets.xcassets */; };
		B4D5C8412490EA8C00010358 /* LaunchScreen.storyboard in Resources */ = {isa = PBXBuildFile; fileRef = B4D5C83F2490EA8C00010358 /* LaunchScreen.storyboard */; };
		B4D5C8492490F3C400010358 /* README.md in Resources */ = {isa = PBXBuildFile; fileRef = B4D5C8482490F3C400010358 /* README.md */; };
		B4D5C84B2490F43600010358 /* Simulator Screen Shot - iPhone 11 - 2020-06-10 at 19.57.18.png in Resources */ = {isa = PBXBuildFile; fileRef = B4D5C84A2490F43600010358 /* Simulator Screen Shot - iPhone 11 - 2020-06-10 at 19.57.18.png */; };
/* End PBXBuildFile section */

/* Begin PBXFileReference section */
		B4D5C8312490EA8A00010358 /* ToggleAndDatePicker.app */ = {isa = PBXFileReference; explicitFileType = wrapper.application; includeInIndex = 0; path = ToggleAndDatePicker.app; sourceTree = BUILT_PRODUCTS_DIR; };
		B4D5C8342490EA8A00010358 /* AppDelegate.swift */ = {isa = PBXFileReference; lastKnownFileType = sourcecode.swift; path = AppDelegate.swift; sourceTree = "<group>"; };
		B4D5C8362490EA8A00010358 /* SceneDelegate.swift */ = {isa = PBXFileReference; lastKnownFileType = sourcecode.swift; path = SceneDelegate.swift; sourceTree = "<group>"; };
		B4D5C8382490EA8A00010358 /* ContentView.swift */ = {isa = PBXFileReference; lastKnownFileType = sourcecode.swift; path = ContentView.swift; sourceTree = "<group>"; };
		B4D5C83A2490EA8C00010358 /* Assets.xcassets */ = {isa = PBXFileReference; lastKnownFileType = folder.assetcatalog; path = Assets.xcassets; sourceTree = "<group>"; };
		B4D5C83D2490EA8C00010358 /* Preview Assets.xcassets */ = {isa = PBXFileReference; lastKnownFileType = folder.assetcatalog; path = "Preview Assets.xcassets"; sourceTree = "<group>"; };
		B4D5C8402490EA8C00010358 /* Base */ = {isa = PBXFileReference; lastKnownFileType = file.storyboard; name = Base; path = Base.lproj/LaunchScreen.storyboard; sourceTree = "<group>"; };
		B4D5C8422490EA8C00010358 /* Info.plist */ = {isa = PBXFileReference; lastKnownFileType = text.plist.xml; path = Info.plist; sourceTree = "<group>"; };
		B4D5C8482490F3C400010358 /* README.md */ = {isa = PBXFileReference; lastKnownFileType = net.daringfireball.markdown; path = README.md; sourceTree = "<group>"; };
		B4D5C84A2490F43600010358 /* Simulator Screen Shot - iPhone 11 - 2020-06-10 at 19.57.18.png */ = {isa = PBXFileReference; lastKnownFileType = image.png; path = "Simulator Screen Shot - iPhone 11 - 2020-06-10 at 19.57.18.png"; sourceTree = "<group>"; };
/* End PBXFileReference section */

/* Begin PBXFrameworksBuildPhase section */
		B4D5C82E2490EA8A00010358 /* Frameworks */ = {
			isa = PBXFrameworksBuildPhase;
			buildActionMask = 2147483647;
			files = (
			);
			runOnlyForDeploymentPostprocessing = 0;
		};
/* End PBXFrameworksBuildPhase section */

/* Begin PBXGroup section */
		B4D5C8282490EA8A00010358 = {
			isa = PBXGroup;
			children = (
				B4D5C8482490F3C400010358 /* README.md */,
				B4D5C8332490EA8A00010358 /* ToggleAndDatePicker */,
				B4D5C8322490EA8A00010358 /* Products */,
			);
			sourceTree = "<group>";
		};
		B4D5C8322490EA8A00010358 /* Products */ = {
			isa = PBXGroup;
			children = (
				B4D5C8312490EA8A00010358 /* ToggleAndDatePicker.app */,
			);
			name = Products;
			sourceTree = "<group>";
		};
		B4D5C8332490EA8A00010358 /* ToggleAndDatePicker */ = {
			isa = PBXGroup;
			children = (
				B4D5C84A2490F43600010358 /* Simulator Screen Shot - iPhone 11 - 2020-06-10 at 19.57.18.png */,
				B4D5C8342490EA8A00010358 /* AppDelegate.swift */,
				B4D5C8362490EA8A00010358 /* SceneDelegate.swift */,
				B4D5C8382490EA8A00010358 /* ContentView.swift */,
				B4D5C83A2490EA8C00010358 /* Assets.xcassets */,
				B4D5C83F2490EA8C00010358 /* LaunchScreen.storyboard */,
				B4D5C8422490EA8C00010358 /* Info.plist */,
				B4D5C83C2490EA8C00010358 /* Preview Content */,
			);
			path = ToggleAndDatePicker;
			sourceTree = "<group>";
		};
		B4D5C83C2490EA8C00010358 /* Preview Content */ = {
			isa = PBXGroup;
			children = (
				B4D5C83D2490EA8C00010358 /* Preview Assets.xcassets */,
			);
			path = "Preview Content";
			sourceTree = "<group>";
		};
/* End PBXGroup section */

/* Begin PBXNativeTarget section */
		B4D5C8302490EA8A00010358 /* ToggleAndDatePicker */ = {
			isa = PBXNativeTarget;
			buildConfigurationList = B4D5C8452490EA8C00010358 /* Build configuration list for PBXNativeTarget "ToggleAndDatePicker" */;
			buildPhases = (
				B4D5C82D2490EA8A00010358 /* Sources */,
				B4D5C82E2490EA8A00010358 /* Frameworks */,
				B4D5C82F2490EA8A00010358 /* Resources */,
			);
			buildRules = (
			);
			dependencies = (
			);
			name = ToggleAndDatePicker;
			productName = ToggleAndDatePicker;
			productReference = B4D5C8312490EA8A00010358 /* ToggleAndDatePicker.app */;
			productType = "com.apple.product-type.application";
		};
/* End PBXNativeTarget section */

/* Begin PBXProject section */
		B4D5C8292490EA8A00010358 /* Project object */ = {
			isa = PBXProject;
			attributes = {
				LastSwiftUpdateCheck = 1150;
				LastUpgradeCheck = 1150;
				ORGANIZATIONNAME = "김호준";
				TargetAttributes = {
					B4D5C8302490EA8A00010358 = {
						CreatedOnToolsVersion = 11.5;
					};
				};
			};
			buildConfigurationList = B4D5C82C2490EA8A00010358 /* Build configuration list for PBXProject "ToggleAndDatePicker" */;
			compatibilityVersion = "Xcode 9.3";
			developmentRegion = en;
			hasScannedForEncodings = 0;
			knownRegions = (
				en,
				Base,
			);
			mainGroup = B4D5C8282490EA8A00010358;
			productRefGroup = B4D5C8322490EA8A00010358 /* Products */;
			projectDirPath = "";
			projectRoot = "";
			targets = (
				B4D5C8302490EA8A00010358 /* ToggleAndDatePicker */,
			);
		};
/* End PBXProject section */

/* Begin PBXResourcesBuildPhase section */
		B4D5C82F2490EA8A00010358 /* Resources */ = {
			isa = PBXResourcesBuildPhase;
			buildActionMask = 2147483647;
			files = (
				B4D5C8412490EA8C00010358 /* LaunchScreen.storyboard in Resources */,
				B4D5C83E2490EA8C00010358 /* Preview Assets.xcassets in Resources */,
				B4D5C8492490F3C400010358 /* README.md in Resources */,
				B4D5C83B2490EA8C00010358 /* Assets.xcassets in Resources */,
				B4D5C84B2490F43600010358 /* Simulator Screen Shot - iPhone 11 - 2020-06-10 at 19.57.18.png in Resources */,
			);
			runOnlyForDeploymentPostprocessing = 0;
		};
/* End PBXResourcesBuildPhase section */

/* Begin PBXSourcesBuildPhase section */
		B4D5C82D2490EA8A00010358 /* Sources */ = {
			isa = PBXSourcesBuildPhase;
			buildActionMask = 2147483647;
			files = (
				B4D5C8352490EA8A00010358 /* AppDelegate.swift in Sources */,
				B4D5C8372490EA8A00010358 /* SceneDelegate.swift in Sources */,
				B4D5C8392490EA8A00010358 /* ContentView.swift in Sources */,
			);
			runOnlyForDeploymentPostprocessing = 0;
		};
/* End PBXSourcesBuildPhase section */

/* Begin PBXVariantGroup section */
		B4D5C83F2490EA8C00010358 /* LaunchScreen.storyboard */ = {
			isa = PBXVariantGroup;
			children = (
				B4D5C8402490EA8C00010358 /* Base */,
			);
			name = LaunchScreen.storyboard;
			sourceTree = "<group>";
		};
/* End PBXVariantGroup section */

/* Begin XCBuildConfiguration section */
		B4D5C8432490EA8C00010358 /* Debug */ = {
			isa = XCBuildConfiguration;
			buildSettings = {
				ALWAYS_SEARCH_USER_PATHS = NO;
				CLANG_ANALYZER_NONNULL = YES;
				CLANG_ANALYZER_NUMBER_OBJECT_CONVERSION = YES_AGGRESSIVE;
				CLANG_CXX_LANGUAGE_STANDARD = "gnu++14";
				CLANG_CXX_LIBRARY = "libc++";
				CLANG_ENABLE_MODULES = YES;
				CLANG_ENABLE_OBJC_ARC = YES;
				CLANG_ENABLE_OBJC_WEAK = YES;
				CLANG_WARN_BLOCK_CAPTURE_AUTORELEASING = YES;
				CLANG_WARN_BOOL_CONVERSION = YES;
				CLANG_WARN_COMMA = YES;
				CLANG_WARN_CONSTANT_CONVERSION = YES;
				CLANG_WARN_DEPRECATED_OBJC_IMPLEMENTATIONS = YES;
				CLANG_WARN_DIRECT_OBJC_ISA_USAGE = YES_ERROR;
				CLANG_WARN_DOCUMENTATION_COMMENTS = YES;
				CLANG_WARN_EMPTY_BODY = YES;
				CLANG_WARN_ENUM_CONVERSION = YES;
				CLANG_WARN_INFINITE_RECURSION = YES;
				CLANG_WARN_INT_CONVERSION = YES;
				CLANG_WARN_NON_LITERAL_NULL_CONVERSION = YES;
				CLANG_WARN_OBJC_IMPLICIT_RETAIN_SELF = YES;
				CLANG_WARN_OBJC_LITERAL_CONVERSION = YES;
				CLANG_WARN_OBJC_ROOT_CLASS = YES_ERROR;
				CLANG_WARN_RANGE_LOOP_ANALYSIS = YES;
				CLANG_WARN_STRICT_PROTOTYPES = YES;
				CLANG_WARN_SUSPICIOUS_MOVE = YES;
				CLANG_WARN_UNGUARDED_AVAILABILITY = YES_AGGRESSIVE;
				CLANG_WARN_UNREACHABLE_CODE = YES;
				CLANG_WARN__DUPLICATE_METHOD_MATCH = YES;
				COPY_PHASE_STRIP = NO;
				DEBUG_INFORMATION_FORMAT = dwarf;
				ENABLE_STRICT_OBJC_MSGSEND = YES;
				ENABLE_TESTABILITY = YES;
				GCC_C_LANGUAGE_STANDARD = gnu11;
				GCC_DYNAMIC_NO_PIC = NO;
				GCC_NO_COMMON_BLOCKS = YES;
				GCC_OPTIMIZATION_LEVEL = 0;
				GCC_PREPROCESSOR_DEFINITIONS = (
					"DEBUG=1",
					"$(inherited)",
				);
				GCC_WARN_64_TO_32_BIT_CONVERSION = YES;
				GCC_WARN_ABOUT_RETURN_TYPE = YES_ERROR;
				GCC_WARN_UNDECLARED_SELECTOR = YES;
				GCC_WARN_UNINITIALIZED_AUTOS = YES_AGGRESSIVE;
				GCC_WARN_UNUSED_FUNCTION = YES;
				GCC_WARN_UNUSED_VARIABLE = YES;
				IPHONEOS_DEPLOYMENT_TARGET = 13.5;
				MTL_ENABLE_DEBUG_INFO = INCLUDE_SOURCE;
				MTL_FAST_MATH = YES;
				ONLY_ACTIVE_ARCH = YES;
				SDKROOT = iphoneos;
				SWIFT_ACTIVE_COMPILATION_CONDITIONS = DEBUG;
				SWIFT_OPTIMIZATION_LEVEL = "-Onone";
			};
			name = Debug;
		};
		B4D5C8442490EA8C00010358 /* Release */ = {
			isa = XCBuildConfiguration;
			buildSettings = {
				ALWAYS_SEARCH_USER_PATHS = NO;
				CLANG_ANALYZER_NONNULL = YES;
				CLANG_ANALYZER_NUMBER_OBJECT_CONVERSION = YES_AGGRESSIVE;
				CLANG_CXX_LANGUAGE_STANDARD = "gnu++14";
				CLANG_CXX_LIBRARY = "libc++";
				CLANG_ENABLE_MODULES = YES;
				CLANG_ENABLE_OBJC_ARC = YES;
				CLANG_ENABLE_OBJC_WEAK = YES;
				CLANG_WARN_BLOCK_CAPTURE_AUTORELEASING = YES;
				CLANG_WARN_BOOL_CONVERSION = YES;
				CLANG_WARN_COMMA = YES;
				CLANG_WARN_CONSTANT_CONVERSION = YES;
				CLANG_WARN_DEPRECATED_OBJC_IMPLEMENTATIONS = YES;
				CLANG_WARN_DIRECT_OBJC_ISA_USAGE = YES_ERROR;
				CLANG_WARN_DOCUMENTATION_COMMENTS = YES;
				CLANG_WARN_EMPTY_BODY = YES;
				CLANG_WARN_ENUM_CONVERSION = YES;
				CLANG_WARN_INFINITE_RECURSION = YES;
				CLANG_WARN_INT_CONVERSION = YES;
				CLANG_WARN_NON_LITERAL_NULL_CONVERSION = YES;
				CLANG_WARN_OBJC_IMPLICIT_RETAIN_SELF = YES;
				CLANG_WARN_OBJC_LITERAL_CONVERSION = YES;
				CLANG_WARN_OBJC_ROOT_CLASS = YES_ERROR;
				CLANG_WARN_RANGE_LOOP_ANALYSIS = YES;
				CLANG_WARN_STRICT_PROTOTYPES = YES;
				CLANG_WARN_SUSPICIOUS_MOVE = YES;
				CLANG_WARN_UNGUARDED_AVAILABILITY = YES_AGGRESSIVE;
				CLANG_WARN_UNREACHABLE_CODE = YES;
				CLANG_WARN__DUPLICATE_METHOD_MATCH = YES;
				COPY_PHASE_STRIP = NO;
				DEBUG_INFORMATION_FORMAT = "dwarf-with-dsym";
				ENABLE_NS_ASSERTIONS = NO;
				ENABLE_STRICT_OBJC_MSGSEND = YES;
				GCC_C_LANGUAGE_STANDARD = gnu11;
				GCC_NO_COMMON_BLOCKS = YES;
				GCC_WARN_64_TO_32_BIT_CONVERSION = YES;
				GCC_WARN_ABOUT_RETURN_TYPE = YES_ERROR;
				GCC_WARN_UNDECLARED_SELECTOR = YES;
				GCC_WARN_UNINITIALIZED_AUTOS = YES_AGGRESSIVE;
				GCC_WARN_UNUSED_FUNCTION = YES;
				GCC_WARN_UNUSED_VARIABLE = YES;
				IPHONEOS_DEPLOYMENT_TARGET = 13.5;
				MTL_ENABLE_DEBUG_INFO = NO;
				MTL_FAST_MATH = YES;
				SDKROOT = iphoneos;
				SWIFT_COMPILATION_MODE = wholemodule;
				SWIFT_OPTIMIZATION_LEVEL = "-O";
				VALIDATE_PRODUCT = YES;
			};
			name = Release;
		};
		B4D5C8462490EA8C00010358 /* Debug */ = {
			isa = XCBuildConfiguration;
			buildSettings = {
				ASSETCATALOG_COMPILER_APPICON_NAME = AppIcon;
				CODE_SIGN_STYLE = Automatic;
				DEVELOPMENT_ASSET_PATHS = "\"ToggleAndDatePicker/Preview Content\"";
				ENABLE_PREVIEWS = YES;
				INFOPLIST_FILE = ToggleAndDatePicker/Info.plist;
				LD_RUNPATH_SEARCH_PATHS = (
					"$(inherited)",
					"@executable_path/Frameworks",
				);
				PRODUCT_BUNDLE_IDENTIFIER = com.howift.ToggleAndDatePicker;
				PRODUCT_NAME = "$(TARGET_NAME)";
				SWIFT_VERSION = 5.0;
				TARGETED_DEVICE_FAMILY = "1,2";
			};
			name = Debug;
		};
		B4D5C8472490EA8C00010358 /* Release */ = {
			isa = XCBuildConfiguration;
			buildSettings = {
				ASSETCATALOG_COMPILER_APPICON_NAME = AppIcon;
				CODE_SIGN_STYLE = Automatic;
				DEVELOPMENT_ASSET_PATHS = "\"ToggleAndDatePicker/Preview Content\"";
				ENABLE_PREVIEWS = YES;
				INFOPLIST_FILE = ToggleAndDatePicker/Info.plist;
				LD_RUNPATH_SEARCH_PATHS = (
					"$(inherited)",
					"@executable_path/Frameworks",
				);
				PRODUCT_BUNDLE_IDENTIFIER = com.howift.ToggleAndDatePicker;
				PRODUCT_NAME = "$(TARGET_NAME)";
				SWIFT_VERSION = 5.0;
				TARGETED_DEVICE_FAMILY = "1,2";
			};
			name = Release;
		};
/* End XCBuildConfiguration section */

/* Begin XCConfigurationList section */
		B4D5C82C2490EA8A00010358 /* Build configuration list for PBXProject "ToggleAndDatePicker" */ = {
			isa = XCConfigurationList;
			buildConfigurations = (
				B4D5C8432490EA8C00010358 /* Debug */,
				B4D5C8442490EA8C00010358 /* Release */,
			);
			defaultConfigurationIsVisible = 0;
			defaultConfigurationName = Release;
		};
		B4D5C8452490EA8C00010358 /* Build configuration list for PBXNativeTarget "ToggleAndDatePicker" */ = {
			isa = XCConfigurationList;
			buildConfigurations = (
				B4D5C8462490EA8C00010358 /* Debug */,
				B4D5C8472490EA8C00010358 /* Release */,
			);
			defaultConfigurationIsVisible = 0;
			defaultConfigurationName = Release;
		};
/* End XCConfigurationList section */
	};
	rootObject = B4D5C8292490EA8A00010358 /* Project object */;
}
