// !$*UTF8*$!
{
	archiveVersion = 1;
	classes = {
	};
	objectVersion = 50;
	objects = {

/* Begin PBXBuildFile section */
		B4D410FD25902611005958FB /* AppDelegate.swift in Sources */ = {isa = PBXBuildFile; fileRef = B4D410FC25902611005958FB /* AppDelegate.swift */; };
		B4D410FF25902611005958FB /* SceneDelegate.swift in Sources */ = {isa = PBXBuildFile; fileRef = B4D410FE25902611005958FB /* SceneDelegate.swift */; };
		B4D4110125902611005958FB /* ViewController.swift in Sources */ = {isa = PBXBuildFile; fileRef = B4D4110025902611005958FB /* ViewController.swift */; };
		B4D4110425902611005958FB /* Main.storyboard in Resources */ = {isa = PBXBuildFile; fileRef = B4D4110225902611005958FB /* Main.storyboard */; };
		B4D4110625902612005958FB /* Assets.xcassets in Resources */ = {isa = PBXBuildFile; fileRef = B4D4110525902612005958FB /* Assets.xcassets */; };
		B4D4110925902612005958FB /* LaunchScreen.storyboard in Resources */ = {isa = PBXBuildFile; fileRef = B4D4110725902612005958FB /* LaunchScreen.storyboard */; };
		B4D4111425902612005958FB /* FileParsingJSONTests.swift in Sources */ = {isa = PBXBuildFile; fileRef = B4D4111325902612005958FB /* FileParsingJSONTests.swift */; };
		B4D4111F25902612005958FB /* FileParsingJSONUITests.swift in Sources */ = {isa = PBXBuildFile; fileRef = B4D4111E25902612005958FB /* FileParsingJSONUITests.swift */; };
		B4D4112D2590266A005958FB /* data.json in Resources */ = {isa = PBXBuildFile; fileRef = B4D4112C2590266A005958FB /* data.json */; };
		B4D4113525903DDE005958FB /* Models.swift in Sources */ = {isa = PBXBuildFile; fileRef = B4D4113425903DDE005958FB /* Models.swift */; };
/* End PBXBuildFile section */

/* Begin PBXContainerItemProxy section */
		B4D4111025902612005958FB /* PBXContainerItemProxy */ = {
			isa = PBXContainerItemProxy;
			containerPortal = B4D410F125902611005958FB /* Project object */;
			proxyType = 1;
			remoteGlobalIDString = B4D410F825902611005958FB;
			remoteInfo = FileParsingJSON;
		};
		B4D4111B25902612005958FB /* PBXContainerItemProxy */ = {
			isa = PBXContainerItemProxy;
			containerPortal = B4D410F125902611005958FB /* Project object */;
			proxyType = 1;
			remoteGlobalIDString = B4D410F825902611005958FB;
			remoteInfo = FileParsingJSON;
		};
/* End PBXContainerItemProxy section */

/* Begin PBXFileReference section */
		B4D410F925902611005958FB /* FileParsingJSON.app */ = {isa = PBXFileReference; explicitFileType = wrapper.application; includeInIndex = 0; path = FileParsingJSON.app; sourceTree = BUILT_PRODUCTS_DIR; };
		B4D410FC25902611005958FB /* AppDelegate.swift */ = {isa = PBXFileReference; lastKnownFileType = sourcecode.swift; path = AppDelegate.swift; sourceTree = "<group>"; };
		B4D410FE25902611005958FB /* SceneDelegate.swift */ = {isa = PBXFileReference; lastKnownFileType = sourcecode.swift; path = SceneDelegate.swift; sourceTree = "<group>"; };
		B4D4110025902611005958FB /* ViewController.swift */ = {isa = PBXFileReference; lastKnownFileType = sourcecode.swift; path = ViewController.swift; sourceTree = "<group>"; };
		B4D4110325902611005958FB /* Base */ = {isa = PBXFileReference; lastKnownFileType = file.storyboard; name = Base; path = Base.lproj/Main.storyboard; sourceTree = "<group>"; };
		B4D4110525902612005958FB /* Assets.xcassets */ = {isa = PBXFileReference; lastKnownFileType = folder.assetcatalog; path = Assets.xcassets; sourceTree = "<group>"; };
		B4D4110825902612005958FB /* Base */ = {isa = PBXFileReference; lastKnownFileType = file.storyboard; name = Base; path = Base.lproj/LaunchScreen.storyboard; sourceTree = "<group>"; };
		B4D4110A25902612005958FB /* Info.plist */ = {isa = PBXFileReference; lastKnownFileType = text.plist.xml; path = Info.plist; sourceTree = "<group>"; };
		B4D4110F25902612005958FB /* FileParsingJSONTests.xctest */ = {isa = PBXFileReference; explicitFileType = wrapper.cfbundle; includeInIndex = 0; path = FileParsingJSONTests.xctest; sourceTree = BUILT_PRODUCTS_DIR; };
		B4D4111325902612005958FB /* FileParsingJSONTests.swift */ = {isa = PBXFileReference; lastKnownFileType = sourcecode.swift; path = FileParsingJSONTests.swift; sourceTree = "<group>"; };
		B4D4111525902612005958FB /* Info.plist */ = {isa = PBXFileReference; lastKnownFileType = text.plist.xml; path = Info.plist; sourceTree = "<group>"; };
		B4D4111A25902612005958FB /* FileParsingJSONUITests.xctest */ = {isa = PBXFileReference; explicitFileType = wrapper.cfbundle; includeInIndex = 0; path = FileParsingJSONUITests.xctest; sourceTree = BUILT_PRODUCTS_DIR; };
		B4D4111E25902612005958FB /* FileParsingJSONUITests.swift */ = {isa = PBXFileReference; lastKnownFileType = sourcecode.swift; path = FileParsingJSONUITests.swift; sourceTree = "<group>"; };
		B4D4112025902612005958FB /* Info.plist */ = {isa = PBXFileReference; lastKnownFileType = text.plist.xml; path = Info.plist; sourceTree = "<group>"; };
		B4D4112C2590266A005958FB /* data.json */ = {isa = PBXFileReference; fileEncoding = 4; lastKnownFileType = text.json; path = data.json; sourceTree = SOURCE_ROOT; };
		B4D4113425903DDE005958FB /* Models.swift */ = {isa = PBXFileReference; lastKnownFileType = sourcecode.swift; path = Models.swift; sourceTree = "<group>"; };
/* End PBXFileReference section */

/* Begin PBXFrameworksBuildPhase section */
		B4D410F625902611005958FB /* Frameworks */ = {
			isa = PBXFrameworksBuildPhase;
			buildActionMask = 2147483647;
			files = (
			);
			runOnlyForDeploymentPostprocessing = 0;
		};
		B4D4110C25902612005958FB /* Frameworks */ = {
			isa = PBXFrameworksBuildPhase;
			buildActionMask = 2147483647;
			files = (
			);
			runOnlyForDeploymentPostprocessing = 0;
		};
		B4D4111725902612005958FB /* Frameworks */ = {
			isa = PBXFrameworksBuildPhase;
			buildActionMask = 2147483647;
			files = (
			);
			runOnlyForDeploymentPostprocessing = 0;
		};
/* End PBXFrameworksBuildPhase section */

/* Begin PBXGroup section */
		B4D410F025902611005958FB = {
			isa = PBXGroup;
			children = (
				B4D410FB25902611005958FB /* FileParsingJSON */,
				B4D4111225902612005958FB /* FileParsingJSONTests */,
				B4D4111D25902612005958FB /* FileParsingJSONUITests */,
				B4D410FA25902611005958FB /* Products */,
			);
			sourceTree = "<group>";
		};
		B4D410FA25902611005958FB /* Products */ = {
			isa = PBXGroup;
			children = (
				B4D410F925902611005958FB /* FileParsingJSON.app */,
				B4D4110F25902612005958FB /* FileParsingJSONTests.xctest */,
				B4D4111A25902612005958FB /* FileParsingJSONUITests.xctest */,
			);
			name = Products;
			sourceTree = "<group>";
		};
		B4D410FB25902611005958FB /* FileParsingJSON */ = {
			isa = PBXGroup;
			children = (
				B4D4112C2590266A005958FB /* data.json */,
				B4D410FC25902611005958FB /* AppDelegate.swift */,
				B4D410FE25902611005958FB /* SceneDelegate.swift */,
				B4D4110025902611005958FB /* ViewController.swift */,
				B4D4110225902611005958FB /* Main.storyboard */,
				B4D4110525902612005958FB /* Assets.xcassets */,
				B4D4110725902612005958FB /* LaunchScreen.storyboard */,
				B4D4110A25902612005958FB /* Info.plist */,
				B4D4113425903DDE005958FB /* Models.swift */,
			);
			path = FileParsingJSON;
			sourceTree = "<group>";
		};
		B4D4111225902612005958FB /* FileParsingJSONTests */ = {
			isa = PBXGroup;
			children = (
				B4D4111325902612005958FB /* FileParsingJSONTests.swift */,
				B4D4111525902612005958FB /* Info.plist */,
			);
			path = FileParsingJSONTests;
			sourceTree = "<group>";
		};
		B4D4111D25902612005958FB /* FileParsingJSONUITests */ = {
			isa = PBXGroup;
			children = (
				B4D4111E25902612005958FB /* FileParsingJSONUITests.swift */,
				B4D4112025902612005958FB /* Info.plist */,
			);
			path = FileParsingJSONUITests;
			sourceTree = "<group>";
		};
/* End PBXGroup section */

/* Begin PBXNativeTarget section */
		B4D410F825902611005958FB /* FileParsingJSON */ = {
			isa = PBXNativeTarget;
			buildConfigurationList = B4D4112325902612005958FB /* Build configuration list for PBXNativeTarget "FileParsingJSON" */;
			buildPhases = (
				B4D410F525902611005958FB /* Sources */,
				B4D410F625902611005958FB /* Frameworks */,
				B4D410F725902611005958FB /* Resources */,
			);
			buildRules = (
			);
			dependencies = (
			);
			name = FileParsingJSON;
			productName = FileParsingJSON;
			productReference = B4D410F925902611005958FB /* FileParsingJSON.app */;
			productType = "com.apple.product-type.application";
		};
		B4D4110E25902612005958FB /* FileParsingJSONTests */ = {
			isa = PBXNativeTarget;
			buildConfigurationList = B4D4112625902612005958FB /* Build configuration list for PBXNativeTarget "FileParsingJSONTests" */;
			buildPhases = (
				B4D4110B25902612005958FB /* Sources */,
				B4D4110C25902612005958FB /* Frameworks */,
				B4D4110D25902612005958FB /* Resources */,
			);
			buildRules = (
			);
			dependencies = (
				B4D4111125902612005958FB /* PBXTargetDependency */,
			);
			name = FileParsingJSONTests;
			productName = FileParsingJSONTests;
			productReference = B4D4110F25902612005958FB /* FileParsingJSONTests.xctest */;
			productType = "com.apple.product-type.bundle.unit-test";
		};
		B4D4111925902612005958FB /* FileParsingJSONUITests */ = {
			isa = PBXNativeTarget;
			buildConfigurationList = B4D4112925902612005958FB /* Build configuration list for PBXNativeTarget "FileParsingJSONUITests" */;
			buildPhases = (
				B4D4111625902612005958FB /* Sources */,
				B4D4111725902612005958FB /* Frameworks */,
				B4D4111825902612005958FB /* Resources */,
			);
			buildRules = (
			);
			dependencies = (
				B4D4111C25902612005958FB /* PBXTargetDependency */,
			);
			name = FileParsingJSONUITests;
			productName = FileParsingJSONUITests;
			productReference = B4D4111A25902612005958FB /* FileParsingJSONUITests.xctest */;
			productType = "com.apple.product-type.bundle.ui-testing";
		};
/* End PBXNativeTarget section */

/* Begin PBXProject section */
		B4D410F125902611005958FB /* Project object */ = {
			isa = PBXProject;
			attributes = {
				LastSwiftUpdateCheck = 1230;
				LastUpgradeCheck = 1230;
				TargetAttributes = {
					B4D410F825902611005958FB = {
						CreatedOnToolsVersion = 12.3;
					};
					B4D4110E25902612005958FB = {
						CreatedOnToolsVersion = 12.3;
						TestTargetID = B4D410F825902611005958FB;
					};
					B4D4111925902612005958FB = {
						CreatedOnToolsVersion = 12.3;
						TestTargetID = B4D410F825902611005958FB;
					};
				};
			};
			buildConfigurationList = B4D410F425902611005958FB /* Build configuration list for PBXProject "FileParsingJSON" */;
			compatibilityVersion = "Xcode 9.3";
			developmentRegion = en;
			hasScannedForEncodings = 0;
			knownRegions = (
				en,
				Base,
			);
			mainGroup = B4D410F025902611005958FB;
			productRefGroup = B4D410FA25902611005958FB /* Products */;
			projectDirPath = "";
			projectRoot = "";
			targets = (
				B4D410F825902611005958FB /* FileParsingJSON */,
				B4D4110E25902612005958FB /* FileParsingJSONTests */,
				B4D4111925902612005958FB /* FileParsingJSONUITests */,
			);
		};
/* End PBXProject section */

/* Begin PBXResourcesBuildPhase section */
		B4D410F725902611005958FB /* Resources */ = {
			isa = PBXResourcesBuildPhase;
			buildActionMask = 2147483647;
			files = (
				B4D4110925902612005958FB /* LaunchScreen.storyboard in Resources */,
				B4D4110625902612005958FB /* Assets.xcassets in Resources */,
				B4D4110425902611005958FB /* Main.storyboard in Resources */,
				B4D4112D2590266A005958FB /* data.json in Resources */,
			);
			runOnlyForDeploymentPostprocessing = 0;
		};
		B4D4110D25902612005958FB /* Resources */ = {
			isa = PBXResourcesBuildPhase;
			buildActionMask = 2147483647;
			files = (
			);
			runOnlyForDeploymentPostprocessing = 0;
		};
		B4D4111825902612005958FB /* Resources */ = {
			isa = PBXResourcesBuildPhase;
			buildActionMask = 2147483647;
			files = (
			);
			runOnlyForDeploymentPostprocessing = 0;
		};
/* End PBXResourcesBuildPhase section */

/* Begin PBXSourcesBuildPhase section */
		B4D410F525902611005958FB /* Sources */ = {
			isa = PBXSourcesBuildPhase;
			buildActionMask = 2147483647;
			files = (
				B4D4110125902611005958FB /* ViewController.swift in Sources */,
				B4D410FD25902611005958FB /* AppDelegate.swift in Sources */,
				B4D410FF25902611005958FB /* SceneDelegate.swift in Sources */,
				B4D4113525903DDE005958FB /* Models.swift in Sources */,
			);
			runOnlyForDeploymentPostprocessing = 0;
		};
		B4D4110B25902612005958FB /* Sources */ = {
			isa = PBXSourcesBuildPhase;
			buildActionMask = 2147483647;
			files = (
				B4D4111425902612005958FB /* FileParsingJSONTests.swift in Sources */,
			);
			runOnlyForDeploymentPostprocessing = 0;
		};
		B4D4111625902612005958FB /* Sources */ = {
			isa = PBXSourcesBuildPhase;
			buildActionMask = 2147483647;
			files = (
				B4D4111F25902612005958FB /* FileParsingJSONUITests.swift in Sources */,
			);
			runOnlyForDeploymentPostprocessing = 0;
		};
/* End PBXSourcesBuildPhase section */

/* Begin PBXTargetDependency section */
		B4D4111125902612005958FB /* PBXTargetDependency */ = {
			isa = PBXTargetDependency;
			target = B4D410F825902611005958FB /* FileParsingJSON */;
			targetProxy = B4D4111025902612005958FB /* PBXContainerItemProxy */;
		};
		B4D4111C25902612005958FB /* PBXTargetDependency */ = {
			isa = PBXTargetDependency;
			target = B4D410F825902611005958FB /* FileParsingJSON */;
			targetProxy = B4D4111B25902612005958FB /* PBXContainerItemProxy */;
		};
/* End PBXTargetDependency section */

/* Begin PBXVariantGroup section */
		B4D4110225902611005958FB /* Main.storyboard */ = {
			isa = PBXVariantGroup;
			children = (
				B4D4110325902611005958FB /* Base */,
			);
			name = Main.storyboard;
			sourceTree = "<group>";
		};
		B4D4110725902612005958FB /* LaunchScreen.storyboard */ = {
			isa = PBXVariantGroup;
			children = (
				B4D4110825902612005958FB /* Base */,
			);
			name = LaunchScreen.storyboard;
			sourceTree = "<group>";
		};
/* End PBXVariantGroup section */

/* Begin XCBuildConfiguration section */
		B4D4112125902612005958FB /* Debug */ = {
			isa = XCBuildConfiguration;
			buildSettings = {
				ALWAYS_SEARCH_USER_PATHS = NO;
				CLANG_ANALYZER_NONNULL = YES;
				CLANG_ANALYZER_NUMBER_OBJECT_CONVERSION = YES_AGGRESSIVE;
				CLANG_CXX_LANGUAGE_STANDARD = "gnu++14";
				CLANG_CXX_LIBRARY = "libc++";
				CLANG_ENABLE_MODULES = YES;
				CLANG_ENABLE_OBJC_ARC = YES;
				CLANG_ENABLE_OBJC_WEAK = YES;
				CLANG_WARN_BLOCK_CAPTURE_AUTORELEASING = YES;
				CLANG_WARN_BOOL_CONVERSION = YES;
				CLANG_WARN_COMMA = YES;
				CLANG_WARN_CONSTANT_CONVERSION = YES;
				CLANG_WARN_DEPRECATED_OBJC_IMPLEMENTATIONS = YES;
				CLANG_WARN_DIRECT_OBJC_ISA_USAGE = YES_ERROR;
				CLANG_WARN_DOCUMENTATION_COMMENTS = YES;
				CLANG_WARN_EMPTY_BODY = YES;
				CLANG_WARN_ENUM_CONVERSION = YES;
				CLANG_WARN_INFINITE_RECURSION = YES;
				CLANG_WARN_INT_CONVERSION = YES;
				CLANG_WARN_NON_LITERAL_NULL_CONVERSION = YES;
				CLANG_WARN_OBJC_IMPLICIT_RETAIN_SELF = YES;
				CLANG_WARN_OBJC_LITERAL_CONVERSION = YES;
				CLANG_WARN_OBJC_ROOT_CLASS = YES_ERROR;
				CLANG_WARN_QUOTED_INCLUDE_IN_FRAMEWORK_HEADER = YES;
				CLANG_WARN_RANGE_LOOP_ANALYSIS = YES;
				CLANG_WARN_STRICT_PROTOTYPES = YES;
				CLANG_WARN_SUSPICIOUS_MOVE = YES;
				CLANG_WARN_UNGUARDED_AVAILABILITY = YES_AGGRESSIVE;
				CLANG_WARN_UNREACHABLE_CODE = YES;
				CLANG_WARN__DUPLICATE_METHOD_MATCH = YES;
				COPY_PHASE_STRIP = NO;
				DEBUG_INFORMATION_FORMAT = dwarf;
				ENABLE_STRICT_OBJC_MSGSEND = YES;
				ENABLE_TESTABILITY = YES;
				GCC_C_LANGUAGE_STANDARD = gnu11;
				GCC_DYNAMIC_NO_PIC = NO;
				GCC_NO_COMMON_BLOCKS = YES;
				GCC_OPTIMIZATION_LEVEL = 0;
				GCC_PREPROCESSOR_DEFINITIONS = (
					"DEBUG=1",
					"$(inherited)",
				);
				GCC_WARN_64_TO_32_BIT_CONVERSION = YES;
				GCC_WARN_ABOUT_RETURN_TYPE = YES_ERROR;
				GCC_WARN_UNDECLARED_SELECTOR = YES;
				GCC_WARN_UNINITIALIZED_AUTOS = YES_AGGRESSIVE;
				GCC_WARN_UNUSED_FUNCTION = YES;
				GCC_WARN_UNUSED_VARIABLE = YES;
				IPHONEOS_DEPLOYMENT_TARGET = 14.3;
				MTL_ENABLE_DEBUG_INFO = INCLUDE_SOURCE;
				MTL_FAST_MATH = YES;
				ONLY_ACTIVE_ARCH = YES;
				SDKROOT = iphoneos;
				SWIFT_ACTIVE_COMPILATION_CONDITIONS = DEBUG;
				SWIFT_OPTIMIZATION_LEVEL = "-Onone";
			};
			name = Debug;
		};
		B4D4112225902612005958FB /* Release */ = {
			isa = XCBuildConfiguration;
			buildSettings = {
				ALWAYS_SEARCH_USER_PATHS = NO;
				CLANG_ANALYZER_NONNULL = YES;
				CLANG_ANALYZER_NUMBER_OBJECT_CONVERSION = YES_AGGRESSIVE;
				CLANG_CXX_LANGUAGE_STANDARD = "gnu++14";
				CLANG_CXX_LIBRARY = "libc++";
				CLANG_ENABLE_MODULES = YES;
				CLANG_ENABLE_OBJC_ARC = YES;
				CLANG_ENABLE_OBJC_WEAK = YES;
				CLANG_WARN_BLOCK_CAPTURE_AUTORELEASING = YES;
				CLANG_WARN_BOOL_CONVERSION = YES;
				CLANG_WARN_COMMA = YES;
				CLANG_WARN_CONSTANT_CONVERSION = YES;
				CLANG_WARN_DEPRECATED_OBJC_IMPLEMENTATIONS = YES;
				CLANG_WARN_DIRECT_OBJC_ISA_USAGE = YES_ERROR;
				CLANG_WARN_DOCUMENTATION_COMMENTS = YES;
				CLANG_WARN_EMPTY_BODY = YES;
				CLANG_WARN_ENUM_CONVERSION = YES;
				CLANG_WARN_INFINITE_RECURSION = YES;
				CLANG_WARN_INT_CONVERSION = YES;
				CLANG_WARN_NON_LITERAL_NULL_CONVERSION = YES;
				CLANG_WARN_OBJC_IMPLICIT_RETAIN_SELF = YES;
				CLANG_WARN_OBJC_LITERAL_CONVERSION = YES;
				CLANG_WARN_OBJC_ROOT_CLASS = YES_ERROR;
				CLANG_WARN_QUOTED_INCLUDE_IN_FRAMEWORK_HEADER = YES;
				CLANG_WARN_RANGE_LOOP_ANALYSIS = YES;
				CLANG_WARN_STRICT_PROTOTYPES = YES;
				CLANG_WARN_SUSPICIOUS_MOVE = YES;
				CLANG_WARN_UNGUARDED_AVAILABILITY = YES_AGGRESSIVE;
				CLANG_WARN_UNREACHABLE_CODE = YES;
				CLANG_WARN__DUPLICATE_METHOD_MATCH = YES;
				COPY_PHASE_STRIP = NO;
				DEBUG_INFORMATION_FORMAT = "dwarf-with-dsym";
				ENABLE_NS_ASSERTIONS = NO;
				ENABLE_STRICT_OBJC_MSGSEND = YES;
				GCC_C_LANGUAGE_STANDARD = gnu11;
				GCC_NO_COMMON_BLOCKS = YES;
				GCC_WARN_64_TO_32_BIT_CONVERSION = YES;
				GCC_WARN_ABOUT_RETURN_TYPE = YES_ERROR;
				GCC_WARN_UNDECLARED_SELECTOR = YES;
				GCC_WARN_UNINITIALIZED_AUTOS = YES_AGGRESSIVE;
				GCC_WARN_UNUSED_FUNCTION = YES;
				GCC_WARN_UNUSED_VARIABLE = YES;
				IPHONEOS_DEPLOYMENT_TARGET = 14.3;
				MTL_ENABLE_DEBUG_INFO = NO;
				MTL_FAST_MATH = YES;
				SDKROOT = iphoneos;
				SWIFT_COMPILATION_MODE = wholemodule;
				SWIFT_OPTIMIZATION_LEVEL = "-O";
				VALIDATE_PRODUCT = YES;
			};
			name = Release;
		};
		B4D4112425902612005958FB /* Debug */ = {
			isa = XCBuildConfiguration;
			buildSettings = {
				ASSETCATALOG_COMPILER_APPICON_NAME = AppIcon;
				ASSETCATALOG_COMPILER_GLOBAL_ACCENT_COLOR_NAME = AccentColor;
				CODE_SIGN_STYLE = Automatic;
				INFOPLIST_FILE = FileParsingJSON/Info.plist;
				LD_RUNPATH_SEARCH_PATHS = (
					"$(inherited)",
					"@executable_path/Frameworks",
				);
				PRODUCT_BUNDLE_IDENTIFIER = com.howift.FileParsingJSON;
				PRODUCT_NAME = "$(TARGET_NAME)";
				SWIFT_VERSION = 5.0;
				TARGETED_DEVICE_FAMILY = "1,2";
			};
			name = Debug;
		};
		B4D4112525902612005958FB /* Release */ = {
			isa = XCBuildConfiguration;
			buildSettings = {
				ASSETCATALOG_COMPILER_APPICON_NAME = AppIcon;
				ASSETCATALOG_COMPILER_GLOBAL_ACCENT_COLOR_NAME = AccentColor;
				CODE_SIGN_STYLE = Automatic;
				INFOPLIST_FILE = FileParsingJSON/Info.plist;
				LD_RUNPATH_SEARCH_PATHS = (
					"$(inherited)",
					"@executable_path/Frameworks",
				);
				PRODUCT_BUNDLE_IDENTIFIER = com.howift.FileParsingJSON;
				PRODUCT_NAME = "$(TARGET_NAME)";
				SWIFT_VERSION = 5.0;
				TARGETED_DEVICE_FAMILY = "1,2";
			};
			name = Release;
		};
		B4D4112725902612005958FB /* Debug */ = {
			isa = XCBuildConfiguration;
			buildSettings = {
				ALWAYS_EMBED_SWIFT_STANDARD_LIBRARIES = YES;
				BUNDLE_LOADER = "$(TEST_HOST)";
				CODE_SIGN_STYLE = Automatic;
				INFOPLIST_FILE = FileParsingJSONTests/Info.plist;
				IPHONEOS_DEPLOYMENT_TARGET = 14.3;
				LD_RUNPATH_SEARCH_PATHS = (
					"$(inherited)",
					"@executable_path/Frameworks",
					"@loader_path/Frameworks",
				);
				PRODUCT_BUNDLE_IDENTIFIER = com.howift.FileParsingJSONTests;
				PRODUCT_NAME = "$(TARGET_NAME)";
				SWIFT_VERSION = 5.0;
				TARGETED_DEVICE_FAMILY = "1,2";
				TEST_HOST = "$(BUILT_PRODUCTS_DIR)/FileParsingJSON.app/FileParsingJSON";
			};
			name = Debug;
		};
		B4D4112825902612005958FB /* Release */ = {
			isa = XCBuildConfiguration;
			buildSettings = {
				ALWAYS_EMBED_SWIFT_STANDARD_LIBRARIES = YES;
				BUNDLE_LOADER = "$(TEST_HOST)";
				CODE_SIGN_STYLE = Automatic;
				INFOPLIST_FILE = FileParsingJSONTests/Info.plist;
				IPHONEOS_DEPLOYMENT_TARGET = 14.3;
				LD_RUNPATH_SEARCH_PATHS = (
					"$(inherited)",
					"@executable_path/Frameworks",
					"@loader_path/Frameworks",
				);
				PRODUCT_BUNDLE_IDENTIFIER = com.howift.FileParsingJSONTests;
				PRODUCT_NAME = "$(TARGET_NAME)";
				SWIFT_VERSION = 5.0;
				TARGETED_DEVICE_FAMILY = "1,2";
				TEST_HOST = "$(BUILT_PRODUCTS_DIR)/FileParsingJSON.app/FileParsingJSON";
			};
			name = Release;
		};
		B4D4112A25902612005958FB /* Debug */ = {
			isa = XCBuildConfiguration;
			buildSettings = {
				ALWAYS_EMBED_SWIFT_STANDARD_LIBRARIES = YES;
				CODE_SIGN_STYLE = Automatic;
				INFOPLIST_FILE = FileParsingJSONUITests/Info.plist;
				LD_RUNPATH_SEARCH_PATHS = (
					"$(inherited)",
					"@executable_path/Frameworks",
					"@loader_path/Frameworks",
				);
				PRODUCT_BUNDLE_IDENTIFIER = com.howift.FileParsingJSONUITests;
				PRODUCT_NAME = "$(TARGET_NAME)";
				SWIFT_VERSION = 5.0;
				TARGETED_DEVICE_FAMILY = "1,2";
				TEST_TARGET_NAME = FileParsingJSON;
			};
			name = Debug;
		};
		B4D4112B25902612005958FB /* Release */ = {
			isa = XCBuildConfiguration;
			buildSettings = {
				ALWAYS_EMBED_SWIFT_STANDARD_LIBRARIES = YES;
				CODE_SIGN_STYLE = Automatic;
				INFOPLIST_FILE = FileParsingJSONUITests/Info.plist;
				LD_RUNPATH_SEARCH_PATHS = (
					"$(inherited)",
					"@executable_path/Frameworks",
					"@loader_path/Frameworks",
				);
				PRODUCT_BUNDLE_IDENTIFIER = com.howift.FileParsingJSONUITests;
				PRODUCT_NAME = "$(TARGET_NAME)";
				SWIFT_VERSION = 5.0;
				TARGETED_DEVICE_FAMILY = "1,2";
				TEST_TARGET_NAME = FileParsingJSON;
			};
			name = Release;
		};
/* End XCBuildConfiguration section */

/* Begin XCConfigurationList section */
		B4D410F425902611005958FB /* Build configuration list for PBXProject "FileParsingJSON" */ = {
			isa = XCConfigurationList;
			buildConfigurations = (
				B4D4112125902612005958FB /* Debug */,
				B4D4112225902612005958FB /* Release */,
			);
			defaultConfigurationIsVisible = 0;
			defaultConfigurationName = Release;
		};
		B4D4112325902612005958FB /* Build configuration list for PBXNativeTarget "FileParsingJSON" */ = {
			isa = XCConfigurationList;
			buildConfigurations = (
				B4D4112425902612005958FB /* Debug */,
				B4D4112525902612005958FB /* Release */,
			);
			defaultConfigurationIsVisible = 0;
			defaultConfigurationName = Release;
		};
		B4D4112625902612005958FB /* Build configuration list for PBXNativeTarget "FileParsingJSONTests" */ = {
			isa = XCConfigurationList;
			buildConfigurations = (
				B4D4112725902612005958FB /* Debug */,
				B4D4112825902612005958FB /* Release */,
			);
			defaultConfigurationIsVisible = 0;
			defaultConfigurationName = Release;
		};
		B4D4112925902612005958FB /* Build configuration list for PBXNativeTarget "FileParsingJSONUITests" */ = {
			isa = XCConfigurationList;
			buildConfigurations = (
				B4D4112A25902612005958FB /* Debug */,
				B4D4112B25902612005958FB /* Release */,
			);
			defaultConfigurationIsVisible = 0;
			defaultConfigurationName = Release;
		};
/* End XCConfigurationList section */
	};
	rootObject = B4D410F125902611005958FB /* Project object */;
}
