// !$*UTF8*$!
{
	archiveVersion = 1;
	classes = {
	};
	objectVersion = 50;
	objects = {

/* Begin PBXBuildFile section */
		B4FB987624D2F652006F69FA /* AppDelegate.swift in Sources */ = {isa = PBXBuildFile; fileRef = B4FB987524D2F652006F69FA /* AppDelegate.swift */; };
		B4FB987824D2F652006F69FA /* SceneDelegate.swift in Sources */ = {isa = PBXBuildFile; fileRef = B4FB987724D2F652006F69FA /* SceneDelegate.swift */; };
		B4FB987A24D2F652006F69FA /* ViewController.swift in Sources */ = {isa = PBXBuildFile; fileRef = B4FB987924D2F652006F69FA /* ViewController.swift */; };
		B4FB987D24D2F652006F69FA /* Main.storyboard in Resources */ = {isa = PBXBuildFile; fileRef = B4FB987B24D2F652006F69FA /* Main.storyboard */; };
		B4FB987F24D2F654006F69FA /* Assets.xcassets in Resources */ = {isa = PBXBuildFile; fileRef = B4FB987E24D2F654006F69FA /* Assets.xcassets */; };
		B4FB988224D2F654006F69FA /* LaunchScreen.storyboard in Resources */ = {isa = PBXBuildFile; fileRef = B4FB988024D2F654006F69FA /* LaunchScreen.storyboard */; };
		B4FB988A24D2FE5C006F69FA /* DetailViewController.swift in Sources */ = {isa = PBXBuildFile; fileRef = B4FB988924D2FE5C006F69FA /* DetailViewController.swift */; };
/* End PBXBuildFile section */

/* Begin PBXFileReference section */
		B4FB987224D2F652006F69FA /* SearchBar Practice.app */ = {isa = PBXFileReference; explicitFileType = wrapper.application; includeInIndex = 0; path = "SearchBar Practice.app"; sourceTree = BUILT_PRODUCTS_DIR; };
		B4FB987524D2F652006F69FA /* AppDelegate.swift */ = {isa = PBXFileReference; lastKnownFileType = sourcecode.swift; path = AppDelegate.swift; sourceTree = "<group>"; };
		B4FB987724D2F652006F69FA /* SceneDelegate.swift */ = {isa = PBXFileReference; lastKnownFileType = sourcecode.swift; path = SceneDelegate.swift; sourceTree = "<group>"; };
		B4FB987924D2F652006F69FA /* ViewController.swift */ = {isa = PBXFileReference; lastKnownFileType = sourcecode.swift; path = ViewController.swift; sourceTree = "<group>"; };
		B4FB987C24D2F652006F69FA /* Base */ = {isa = PBXFileReference; lastKnownFileType = file.storyboard; name = Base; path = Base.lproj/Main.storyboard; sourceTree = "<group>"; };
		B4FB987E24D2F654006F69FA /* Assets.xcassets */ = {isa = PBXFileReference; lastKnownFileType = folder.assetcatalog; path = Assets.xcassets; sourceTree = "<group>"; };
		B4FB988124D2F654006F69FA /* Base */ = {isa = PBXFileReference; lastKnownFileType = file.storyboard; name = Base; path = Base.lproj/LaunchScreen.storyboard; sourceTree = "<group>"; };
		B4FB988324D2F654006F69FA /* Info.plist */ = {isa = PBXFileReference; lastKnownFileType = text.plist.xml; path = Info.plist; sourceTree = "<group>"; };
		B4FB988924D2FE5C006F69FA /* DetailViewController.swift */ = {isa = PBXFileReference; lastKnownFileType = sourcecode.swift; path = DetailViewController.swift; sourceTree = "<group>"; };
		B4FB988D24D30972006F69FA /* README.md */ = {isa = PBXFileReference; lastKnownFileType = net.daringfireball.markdown; path = README.md; sourceTree = "<group>"; };
/* End PBXFileReference section */

/* Begin PBXFrameworksBuildPhase section */
		B4FB986F24D2F652006F69FA /* Frameworks */ = {
			isa = PBXFrameworksBuildPhase;
			buildActionMask = 2147483647;
			files = (
			);
			runOnlyForDeploymentPostprocessing = 0;
		};
/* End PBXFrameworksBuildPhase section */

/* Begin PBXGroup section */
		B4FB986924D2F652006F69FA = {
			isa = PBXGroup;
			children = (
				B4FB988D24D30972006F69FA /* README.md */,
				B4FB987424D2F652006F69FA /* SearchBar Practice */,
				B4FB987324D2F652006F69FA /* Products */,
			);
			sourceTree = "<group>";
		};
		B4FB987324D2F652006F69FA /* Products */ = {
			isa = PBXGroup;
			children = (
				B4FB987224D2F652006F69FA /* SearchBar Practice.app */,
			);
			name = Products;
			sourceTree = "<group>";
		};
		B4FB987424D2F652006F69FA /* SearchBar Practice */ = {
			isa = PBXGroup;
			children = (
				B4FB987524D2F652006F69FA /* AppDelegate.swift */,
				B4FB987724D2F652006F69FA /* SceneDelegate.swift */,
				B4FB987924D2F652006F69FA /* ViewController.swift */,
				B4FB988924D2FE5C006F69FA /* DetailViewController.swift */,
				B4FB987B24D2F652006F69FA /* Main.storyboard */,
				B4FB987E24D2F654006F69FA /* Assets.xcassets */,
				B4FB988024D2F654006F69FA /* LaunchScreen.storyboard */,
				B4FB988324D2F654006F69FA /* Info.plist */,
			);
			path = "SearchBar Practice";
			sourceTree = "<group>";
		};
/* End PBXGroup section */

/* Begin PBXNativeTarget section */
		B4FB987124D2F652006F69FA /* SearchBar Practice */ = {
			isa = PBXNativeTarget;
			buildConfigurationList = B4FB988624D2F654006F69FA /* Build configuration list for PBXNativeTarget "SearchBar Practice" */;
			buildPhases = (
				B4FB986E24D2F652006F69FA /* Sources */,
				B4FB986F24D2F652006F69FA /* Frameworks */,
				B4FB987024D2F652006F69FA /* Resources */,
			);
			buildRules = (
			);
			dependencies = (
			);
			name = "SearchBar Practice";
			productName = "SearchBar Practice";
			productReference = B4FB987224D2F652006F69FA /* SearchBar Practice.app */;
			productType = "com.apple.product-type.application";
		};
/* End PBXNativeTarget section */

/* Begin PBXProject section */
		B4FB986A24D2F652006F69FA /* Project object */ = {
			isa = PBXProject;
			attributes = {
				LastSwiftUpdateCheck = 1150;
				LastUpgradeCheck = 1150;
				ORGANIZATIONNAME = "김호준";
				TargetAttributes = {
					B4FB987124D2F652006F69FA = {
						CreatedOnToolsVersion = 11.5;
					};
				};
			};
			buildConfigurationList = B4FB986D24D2F652006F69FA /* Build configuration list for PBXProject "SearchBar Practice" */;
			compatibilityVersion = "Xcode 9.3";
			developmentRegion = en;
			hasScannedForEncodings = 0;
			knownRegions = (
				en,
				Base,
			);
			mainGroup = B4FB986924D2F652006F69FA;
			productRefGroup = B4FB987324D2F652006F69FA /* Products */;
			projectDirPath = "";
			projectRoot = "";
			targets = (
				B4FB987124D2F652006F69FA /* SearchBar Practice */,
			);
		};
/* End PBXProject section */

/* Begin PBXResourcesBuildPhase section */
		B4FB987024D2F652006F69FA /* Resources */ = {
			isa = PBXResourcesBuildPhase;
			buildActionMask = 2147483647;
			files = (
				B4FB988224D2F654006F69FA /* LaunchScreen.storyboard in Resources */,
				B4FB987F24D2F654006F69FA /* Assets.xcassets in Resources */,
				B4FB987D24D2F652006F69FA /* Main.storyboard in Resources */,
			);
			runOnlyForDeploymentPostprocessing = 0;
		};
/* End PBXResourcesBuildPhase section */

/* Begin PBXSourcesBuildPhase section */
		B4FB986E24D2F652006F69FA /* Sources */ = {
			isa = PBXSourcesBuildPhase;
			buildActionMask = 2147483647;
			files = (
				B4FB987A24D2F652006F69FA /* ViewController.swift in Sources */,
				B4FB987624D2F652006F69FA /* AppDelegate.swift in Sources */,
				B4FB987824D2F652006F69FA /* SceneDelegate.swift in Sources */,
				B4FB988A24D2FE5C006F69FA /* DetailViewController.swift in Sources */,
			);
			runOnlyForDeploymentPostprocessing = 0;
		};
/* End PBXSourcesBuildPhase section */

/* Begin PBXVariantGroup section */
		B4FB987B24D2F652006F69FA /* Main.storyboard */ = {
			isa = PBXVariantGroup;
			children = (
				B4FB987C24D2F652006F69FA /* Base */,
			);
			name = Main.storyboard;
			sourceTree = "<group>";
		};
		B4FB988024D2F654006F69FA /* LaunchScreen.storyboard */ = {
			isa = PBXVariantGroup;
			children = (
				B4FB988124D2F654006F69FA /* Base */,
			);
			name = LaunchScreen.storyboard;
			sourceTree = "<group>";
		};
/* End PBXVariantGroup section */

/* Begin XCBuildConfiguration section */
		B4FB988424D2F654006F69FA /* Debug */ = {
			isa = XCBuildConfiguration;
			buildSettings = {
				ALWAYS_SEARCH_USER_PATHS = NO;
				CLANG_ANALYZER_NONNULL = YES;
				CLANG_ANALYZER_NUMBER_OBJECT_CONVERSION = YES_AGGRESSIVE;
				CLANG_CXX_LANGUAGE_STANDARD = "gnu++14";
				CLANG_CXX_LIBRARY = "libc++";
				CLANG_ENABLE_MODULES = YES;
				CLANG_ENABLE_OBJC_ARC = YES;
				CLANG_ENABLE_OBJC_WEAK = YES;
				CLANG_WARN_BLOCK_CAPTURE_AUTORELEASING = YES;
				CLANG_WARN_BOOL_CONVERSION = YES;
				CLANG_WARN_COMMA = YES;
				CLANG_WARN_CONSTANT_CONVERSION = YES;
				CLANG_WARN_DEPRECATED_OBJC_IMPLEMENTATIONS = YES;
				CLANG_WARN_DIRECT_OBJC_ISA_USAGE = YES_ERROR;
				CLANG_WARN_DOCUMENTATION_COMMENTS = YES;
				CLANG_WARN_EMPTY_BODY = YES;
				CLANG_WARN_ENUM_CONVERSION = YES;
				CLANG_WARN_INFINITE_RECURSION = YES;
				CLANG_WARN_INT_CONVERSION = YES;
				CLANG_WARN_NON_LITERAL_NULL_CONVERSION = YES;
				CLANG_WARN_OBJC_IMPLICIT_RETAIN_SELF = YES;
				CLANG_WARN_OBJC_LITERAL_CONVERSION = YES;
				CLANG_WARN_OBJC_ROOT_CLASS = YES_ERROR;
				CLANG_WARN_RANGE_LOOP_ANALYSIS = YES;
				CLANG_WARN_STRICT_PROTOTYPES = YES;
				CLANG_WARN_SUSPICIOUS_MOVE = YES;
				CLANG_WARN_UNGUARDED_AVAILABILITY = YES_AGGRESSIVE;
				CLANG_WARN_UNREACHABLE_CODE = YES;
				CLANG_WARN__DUPLICATE_METHOD_MATCH = YES;
				COPY_PHASE_STRIP = NO;
				DEBUG_INFORMATION_FORMAT = dwarf;
				ENABLE_STRICT_OBJC_MSGSEND = YES;
				ENABLE_TESTABILITY = YES;
				GCC_C_LANGUAGE_STANDARD = gnu11;
				GCC_DYNAMIC_NO_PIC = NO;
				GCC_NO_COMMON_BLOCKS = YES;
				GCC_OPTIMIZATION_LEVEL = 0;
				GCC_PREPROCESSOR_DEFINITIONS = (
					"DEBUG=1",
					"$(inherited)",
				);
				GCC_WARN_64_TO_32_BIT_CONVERSION = YES;
				GCC_WARN_ABOUT_RETURN_TYPE = YES_ERROR;
				GCC_WARN_UNDECLARED_SELECTOR = YES;
				GCC_WARN_UNINITIALIZED_AUTOS = YES_AGGRESSIVE;
				GCC_WARN_UNUSED_FUNCTION = YES;
				GCC_WARN_UNUSED_VARIABLE = YES;
				IPHONEOS_DEPLOYMENT_TARGET = 13.5;
				MTL_ENABLE_DEBUG_INFO = INCLUDE_SOURCE;
				MTL_FAST_MATH = YES;
				ONLY_ACTIVE_ARCH = YES;
				SDKROOT = iphoneos;
				SWIFT_ACTIVE_COMPILATION_CONDITIONS = DEBUG;
				SWIFT_OPTIMIZATION_LEVEL = "-Onone";
			};
			name = Debug;
		};
		B4FB988524D2F654006F69FA /* Release */ = {
			isa = XCBuildConfiguration;
			buildSettings = {
				ALWAYS_SEARCH_USER_PATHS = NO;
				CLANG_ANALYZER_NONNULL = YES;
				CLANG_ANALYZER_NUMBER_OBJECT_CONVERSION = YES_AGGRESSIVE;
				CLANG_CXX_LANGUAGE_STANDARD = "gnu++14";
				CLANG_CXX_LIBRARY = "libc++";
				CLANG_ENABLE_MODULES = YES;
				CLANG_ENABLE_OBJC_ARC = YES;
				CLANG_ENABLE_OBJC_WEAK = YES;
				CLANG_WARN_BLOCK_CAPTURE_AUTORELEASING = YES;
				CLANG_WARN_BOOL_CONVERSION = YES;
				CLANG_WARN_COMMA = YES;
				CLANG_WARN_CONSTANT_CONVERSION = YES;
				CLANG_WARN_DEPRECATED_OBJC_IMPLEMENTATIONS = YES;
				CLANG_WARN_DIRECT_OBJC_ISA_USAGE = YES_ERROR;
				CLANG_WARN_DOCUMENTATION_COMMENTS = YES;
				CLANG_WARN_EMPTY_BODY = YES;
				CLANG_WARN_ENUM_CONVERSION = YES;
				CLANG_WARN_INFINITE_RECURSION = YES;
				CLANG_WARN_INT_CONVERSION = YES;
				CLANG_WARN_NON_LITERAL_NULL_CONVERSION = YES;
				CLANG_WARN_OBJC_IMPLICIT_RETAIN_SELF = YES;
				CLANG_WARN_OBJC_LITERAL_CONVERSION = YES;
				CLANG_WARN_OBJC_ROOT_CLASS = YES_ERROR;
				CLANG_WARN_RANGE_LOOP_ANALYSIS = YES;
				CLANG_WARN_STRICT_PROTOTYPES = YES;
				CLANG_WARN_SUSPICIOUS_MOVE = YES;
				CLANG_WARN_UNGUARDED_AVAILABILITY = YES_AGGRESSIVE;
				CLANG_WARN_UNREACHABLE_CODE = YES;
				CLANG_WARN__DUPLICATE_METHOD_MATCH = YES;
				COPY_PHASE_STRIP = NO;
				DEBUG_INFORMATION_FORMAT = "dwarf-with-dsym";
				ENABLE_NS_ASSERTIONS = NO;
				ENABLE_STRICT_OBJC_MSGSEND = YES;
				GCC_C_LANGUAGE_STANDARD = gnu11;
				GCC_NO_COMMON_BLOCKS = YES;
				GCC_WARN_64_TO_32_BIT_CONVERSION = YES;
				GCC_WARN_ABOUT_RETURN_TYPE = YES_ERROR;
				GCC_WARN_UNDECLARED_SELECTOR = YES;
				GCC_WARN_UNINITIALIZED_AUTOS = YES_AGGRESSIVE;
				GCC_WARN_UNUSED_FUNCTION = YES;
				GCC_WARN_UNUSED_VARIABLE = YES;
				IPHONEOS_DEPLOYMENT_TARGET = 13.5;
				MTL_ENABLE_DEBUG_INFO = NO;
				MTL_FAST_MATH = YES;
				SDKROOT = iphoneos;
				SWIFT_COMPILATION_MODE = wholemodule;
				SWIFT_OPTIMIZATION_LEVEL = "-O";
				VALIDATE_PRODUCT = YES;
			};
			name = Release;
		};
		B4FB988724D2F654006F69FA /* Debug */ = {
			isa = XCBuildConfiguration;
			buildSettings = {
				ASSETCATALOG_COMPILER_APPICON_NAME = AppIcon;
				CODE_SIGN_STYLE = Automatic;
				INFOPLIST_FILE = "SearchBar Practice/Info.plist";
				LD_RUNPATH_SEARCH_PATHS = (
					"$(inherited)",
					"@executable_path/Frameworks",
				);
				PRODUCT_BUNDLE_IDENTIFIER = "com.howift.SearchBar-Practice";
				PRODUCT_NAME = "$(TARGET_NAME)";
				SWIFT_VERSION = 5.0;
				TARGETED_DEVICE_FAMILY = "1,2";
			};
			name = Debug;
		};
		B4FB988824D2F654006F69FA /* Release */ = {
			isa = XCBuildConfiguration;
			buildSettings = {
				ASSETCATALOG_COMPILER_APPICON_NAME = AppIcon;
				CODE_SIGN_STYLE = Automatic;
				INFOPLIST_FILE = "SearchBar Practice/Info.plist";
				LD_RUNPATH_SEARCH_PATHS = (
					"$(inherited)",
					"@executable_path/Frameworks",
				);
				PRODUCT_BUNDLE_IDENTIFIER = "com.howift.SearchBar-Practice";
				PRODUCT_NAME = "$(TARGET_NAME)";
				SWIFT_VERSION = 5.0;
				TARGETED_DEVICE_FAMILY = "1,2";
			};
			name = Release;
		};
/* End XCBuildConfiguration section */

/* Begin XCConfigurationList section */
		B4FB986D24D2F652006F69FA /* Build configuration list for PBXProject "SearchBar Practice" */ = {
			isa = XCConfigurationList;
			buildConfigurations = (
				B4FB988424D2F654006F69FA /* Debug */,
				B4FB988524D2F654006F69FA /* Release */,
			);
			defaultConfigurationIsVisible = 0;
			defaultConfigurationName = Release;
		};
		B4FB988624D2F654006F69FA /* Build configuration list for PBXNativeTarget "SearchBar Practice" */ = {
			isa = XCConfigurationList;
			buildConfigurations = (
				B4FB988724D2F654006F69FA /* Debug */,
				B4FB988824D2F654006F69FA /* Release */,
			);
			defaultConfigurationIsVisible = 0;
			defaultConfigurationName = Release;
		};
/* End XCConfigurationList section */
	};
	rootObject = B4FB986A24D2F652006F69FA /* Project object */;
}
