// !$*UTF8*$!
{
	archiveVersion = 1;
	classes = {
	};
	objectVersion = 50;
	objects = {

/* Begin PBXBuildFile section */
		B4715D952510F36800CDFC63 /* AppDelegate.swift in Sources */ = {isa = PBXBuildFile; fileRef = B4715D942510F36800CDFC63 /* AppDelegate.swift */; };
		B4715D972510F36800CDFC63 /* SceneDelegate.swift in Sources */ = {isa = PBXBuildFile; fileRef = B4715D962510F36800CDFC63 /* SceneDelegate.swift */; };
		B4715D992510F36800CDFC63 /* ViewController.swift in Sources */ = {isa = PBXBuildFile; fileRef = B4715D982510F36800CDFC63 /* ViewController.swift */; };
		B4715D9C2510F36800CDFC63 /* Main.storyboard in Resources */ = {isa = PBXBuildFile; fileRef = B4715D9A2510F36800CDFC63 /* Main.storyboard */; };
		B4715D9E2510F36900CDFC63 /* Assets.xcassets in Resources */ = {isa = PBXBuildFile; fileRef = B4715D9D2510F36900CDFC63 /* Assets.xcassets */; };
		B4715DA12510F36900CDFC63 /* LaunchScreen.storyboard in Resources */ = {isa = PBXBuildFile; fileRef = B4715D9F2510F36900CDFC63 /* LaunchScreen.storyboard */; };
/* End PBXBuildFile section */

/* Begin PBXFileReference section */
		B4715D912510F36800CDFC63 /* CollectionViewOldSchool.app */ = {isa = PBXFileReference; explicitFileType = wrapper.application; includeInIndex = 0; path = "CollectionViewOld\U0010School.app"; sourceTree = BUILT_PRODUCTS_DIR; };
		B4715D942510F36800CDFC63 /* AppDelegate.swift */ = {isa = PBXFileReference; lastKnownFileType = sourcecode.swift; path = AppDelegate.swift; sourceTree = "<group>"; };
		B4715D962510F36800CDFC63 /* SceneDelegate.swift */ = {isa = PBXFileReference; lastKnownFileType = sourcecode.swift; path = SceneDelegate.swift; sourceTree = "<group>"; };
		B4715D982510F36800CDFC63 /* ViewController.swift */ = {isa = PBXFileReference; lastKnownFileType = sourcecode.swift; path = ViewController.swift; sourceTree = "<group>"; };
		B4715D9B2510F36800CDFC63 /* Base */ = {isa = PBXFileReference; lastKnownFileType = file.storyboard; name = Base; path = Base.lproj/Main.storyboard; sourceTree = "<group>"; };
		B4715D9D2510F36900CDFC63 /* Assets.xcassets */ = {isa = PBXFileReference; lastKnownFileType = folder.assetcatalog; path = Assets.xcassets; sourceTree = "<group>"; };
		B4715DA02510F36900CDFC63 /* Base */ = {isa = PBXFileReference; lastKnownFileType = file.storyboard; name = Base; path = Base.lproj/LaunchScreen.storyboard; sourceTree = "<group>"; };
		B4715DA22510F36900CDFC63 /* Info.plist */ = {isa = PBXFileReference; lastKnownFileType = text.plist.xml; path = Info.plist; sourceTree = "<group>"; };
/* End PBXFileReference section */

/* Begin PBXFrameworksBuildPhase section */
		B4715D8E2510F36800CDFC63 /* Frameworks */ = {
			isa = PBXFrameworksBuildPhase;
			buildActionMask = 2147483647;
			files = (
			);
			runOnlyForDeploymentPostprocessing = 0;
		};
/* End PBXFrameworksBuildPhase section */

/* Begin PBXGroup section */
		B4715D882510F36800CDFC63 = {
			isa = PBXGroup;
			children = (
				B4715D932510F36800CDFC63 /* CollectionViewOldSchool */,
				B4715D922510F36800CDFC63 /* Products */,
			);
			sourceTree = "<group>";
		};
		B4715D922510F36800CDFC63 /* Products */ = {
			isa = PBXGroup;
			children = (
				B4715D912510F36800CDFC63 /* CollectionViewOldSchool.app */,
			);
			name = Products;
			sourceTree = "<group>";
		};
		B4715D932510F36800CDFC63 /* CollectionViewOldSchool */ = {
			isa = PBXGroup;
			children = (
				B4715D942510F36800CDFC63 /* AppDelegate.swift */,
				B4715D962510F36800CDFC63 /* SceneDelegate.swift */,
				B4715D982510F36800CDFC63 /* ViewController.swift */,
				B4715D9A2510F36800CDFC63 /* Main.storyboard */,
				B4715D9D2510F36900CDFC63 /* Assets.xcassets */,
				B4715D9F2510F36900CDFC63 /* LaunchScreen.storyboard */,
				B4715DA22510F36900CDFC63 /* Info.plist */,
			);
			path = "CollectionViewOld\U0010School";
			sourceTree = "<group>";
		};
/* End PBXGroup section */

/* Begin PBXNativeTarget section */
		B4715D902510F36800CDFC63 /* CollectionViewOldSchool */ = {
			isa = PBXNativeTarget;
			buildConfigurationList = B4715DA52510F36900CDFC63 /* Build configuration list for PBXNativeTarget "CollectionViewOldSchool" */;
			buildPhases = (
				B4715D8D2510F36800CDFC63 /* Sources */,
				B4715D8E2510F36800CDFC63 /* Frameworks */,
				B4715D8F2510F36800CDFC63 /* Resources */,
			);
			buildRules = (
			);
			dependencies = (
			);
			name = "CollectionViewOld\U0010School";
			productName = "CollectionViewOld\U0010School";
			productReference = B4715D912510F36800CDFC63 /* CollectionViewOldSchool.app */;
			productType = "com.apple.product-type.application";
		};
/* End PBXNativeTarget section */

/* Begin PBXProject section */
		B4715D892510F36800CDFC63 /* Project object */ = {
			isa = PBXProject;
			attributes = {
				LastSwiftUpdateCheck = 1170;
				LastUpgradeCheck = 1170;
				ORGANIZATIONNAME = "김호준";
				TargetAttributes = {
					B4715D902510F36800CDFC63 = {
						CreatedOnToolsVersion = 11.7;
					};
				};
			};
			buildConfigurationList = B4715D8C2510F36800CDFC63 /* Build configuration list for PBXProject "CollectionViewOldSchool" */;
			compatibilityVersion = "Xcode 9.3";
			developmentRegion = en;
			hasScannedForEncodings = 0;
			knownRegions = (
				en,
				Base,
			);
			mainGroup = B4715D882510F36800CDFC63;
			productRefGroup = B4715D922510F36800CDFC63 /* Products */;
			projectDirPath = "";
			projectRoot = "";
			targets = (
				B4715D902510F36800CDFC63 /* CollectionViewOldSchool */,
			);
		};
/* End PBXProject section */

/* Begin PBXResourcesBuildPhase section */
		B4715D8F2510F36800CDFC63 /* Resources */ = {
			isa = PBXResourcesBuildPhase;
			buildActionMask = 2147483647;
			files = (
				B4715DA12510F36900CDFC63 /* LaunchScreen.storyboard in Resources */,
				B4715D9E2510F36900CDFC63 /* Assets.xcassets in Resources */,
				B4715D9C2510F36800CDFC63 /* Main.storyboard in Resources */,
			);
			runOnlyForDeploymentPostprocessing = 0;
		};
/* End PBXResourcesBuildPhase section */

/* Begin PBXSourcesBuildPhase section */
		B4715D8D2510F36800CDFC63 /* Sources */ = {
			isa = PBXSourcesBuildPhase;
			buildActionMask = 2147483647;
			files = (
				B4715D992510F36800CDFC63 /* ViewController.swift in Sources */,
				B4715D952510F36800CDFC63 /* AppDelegate.swift in Sources */,
				B4715D972510F36800CDFC63 /* SceneDelegate.swift in Sources */,
			);
			runOnlyForDeploymentPostprocessing = 0;
		};
/* End PBXSourcesBuildPhase section */

/* Begin PBXVariantGroup section */
		B4715D9A2510F36800CDFC63 /* Main.storyboard */ = {
			isa = PBXVariantGroup;
			children = (
				B4715D9B2510F36800CDFC63 /* Base */,
			);
			name = Main.storyboard;
			sourceTree = "<group>";
		};
		B4715D9F2510F36900CDFC63 /* LaunchScreen.storyboard */ = {
			isa = PBXVariantGroup;
			children = (
				B4715DA02510F36900CDFC63 /* Base */,
			);
			name = LaunchScreen.storyboard;
			sourceTree = "<group>";
		};
/* End PBXVariantGroup section */

/* Begin XCBuildConfiguration section */
		B4715DA32510F36900CDFC63 /* Debug */ = {
			isa = XCBuildConfiguration;
			buildSettings = {
				ALWAYS_SEARCH_USER_PATHS = NO;
				CLANG_ANALYZER_NONNULL = YES;
				CLANG_ANALYZER_NUMBER_OBJECT_CONVERSION = YES_AGGRESSIVE;
				CLANG_CXX_LANGUAGE_STANDARD = "gnu++14";
				CLANG_CXX_LIBRARY = "libc++";
				CLANG_ENABLE_MODULES = YES;
				CLANG_ENABLE_OBJC_ARC = YES;
				CLANG_ENABLE_OBJC_WEAK = YES;
				CLANG_WARN_BLOCK_CAPTURE_AUTORELEASING = YES;
				CLANG_WARN_BOOL_CONVERSION = YES;
				CLANG_WARN_COMMA = YES;
				CLANG_WARN_CONSTANT_CONVERSION = YES;
				CLANG_WARN_DEPRECATED_OBJC_IMPLEMENTATIONS = YES;
				CLANG_WARN_DIRECT_OBJC_ISA_USAGE = YES_ERROR;
				CLANG_WARN_DOCUMENTATION_COMMENTS = YES;
				CLANG_WARN_EMPTY_BODY = YES;
				CLANG_WARN_ENUM_CONVERSION = YES;
				CLANG_WARN_INFINITE_RECURSION = YES;
				CLANG_WARN_INT_CONVERSION = YES;
				CLANG_WARN_NON_LITERAL_NULL_CONVERSION = YES;
				CLANG_WARN_OBJC_IMPLICIT_RETAIN_SELF = YES;
				CLANG_WARN_OBJC_LITERAL_CONVERSION = YES;
				CLANG_WARN_OBJC_ROOT_CLASS = YES_ERROR;
				CLANG_WARN_RANGE_LOOP_ANALYSIS = YES;
				CLANG_WARN_STRICT_PROTOTYPES = YES;
				CLANG_WARN_SUSPICIOUS_MOVE = YES;
				CLANG_WARN_UNGUARDED_AVAILABILITY = YES_AGGRESSIVE;
				CLANG_WARN_UNREACHABLE_CODE = YES;
				CLANG_WARN__DUPLICATE_METHOD_MATCH = YES;
				COPY_PHASE_STRIP = NO;
				DEBUG_INFORMATION_FORMAT = dwarf;
				ENABLE_STRICT_OBJC_MSGSEND = YES;
				ENABLE_TESTABILITY = YES;
				GCC_C_LANGUAGE_STANDARD = gnu11;
				GCC_DYNAMIC_NO_PIC = NO;
				GCC_NO_COMMON_BLOCKS = YES;
				GCC_OPTIMIZATION_LEVEL = 0;
				GCC_PREPROCESSOR_DEFINITIONS = (
					"DEBUG=1",
					"$(inherited)",
				);
				GCC_WARN_64_TO_32_BIT_CONVERSION = YES;
				GCC_WARN_ABOUT_RETURN_TYPE = YES_ERROR;
				GCC_WARN_UNDECLARED_SELECTOR = YES;
				GCC_WARN_UNINITIALIZED_AUTOS = YES_AGGRESSIVE;
				GCC_WARN_UNUSED_FUNCTION = YES;
				GCC_WARN_UNUSED_VARIABLE = YES;
				IPHONEOS_DEPLOYMENT_TARGET = 13.7;
				MTL_ENABLE_DEBUG_INFO = INCLUDE_SOURCE;
				MTL_FAST_MATH = YES;
				ONLY_ACTIVE_ARCH = YES;
				SDKROOT = iphoneos;
				SWIFT_ACTIVE_COMPILATION_CONDITIONS = DEBUG;
				SWIFT_OPTIMIZATION_LEVEL = "-Onone";
			};
			name = Debug;
		};
		B4715DA42510F36900CDFC63 /* Release */ = {
			isa = XCBuildConfiguration;
			buildSettings = {
				ALWAYS_SEARCH_USER_PATHS = NO;
				CLANG_ANALYZER_NONNULL = YES;
				CLANG_ANALYZER_NUMBER_OBJECT_CONVERSION = YES_AGGRESSIVE;
				CLANG_CXX_LANGUAGE_STANDARD = "gnu++14";
				CLANG_CXX_LIBRARY = "libc++";
				CLANG_ENABLE_MODULES = YES;
				CLANG_ENABLE_OBJC_ARC = YES;
				CLANG_ENABLE_OBJC_WEAK = YES;
				CLANG_WARN_BLOCK_CAPTURE_AUTORELEASING = YES;
				CLANG_WARN_BOOL_CONVERSION = YES;
				CLANG_WARN_COMMA = YES;
				CLANG_WARN_CONSTANT_CONVERSION = YES;
				CLANG_WARN_DEPRECATED_OBJC_IMPLEMENTATIONS = YES;
				CLANG_WARN_DIRECT_OBJC_ISA_USAGE = YES_ERROR;
				CLANG_WARN_DOCUMENTATION_COMMENTS = YES;
				CLANG_WARN_EMPTY_BODY = YES;
				CLANG_WARN_ENUM_CONVERSION = YES;
				CLANG_WARN_INFINITE_RECURSION = YES;
				CLANG_WARN_INT_CONVERSION = YES;
				CLANG_WARN_NON_LITERAL_NULL_CONVERSION = YES;
				CLANG_WARN_OBJC_IMPLICIT_RETAIN_SELF = YES;
				CLANG_WARN_OBJC_LITERAL_CONVERSION = YES;
				CLANG_WARN_OBJC_ROOT_CLASS = YES_ERROR;
				CLANG_WARN_RANGE_LOOP_ANALYSIS = YES;
				CLANG_WARN_STRICT_PROTOTYPES = YES;
				CLANG_WARN_SUSPICIOUS_MOVE = YES;
				CLANG_WARN_UNGUARDED_AVAILABILITY = YES_AGGRESSIVE;
				CLANG_WARN_UNREACHABLE_CODE = YES;
				CLANG_WARN__DUPLICATE_METHOD_MATCH = YES;
				COPY_PHASE_STRIP = NO;
				DEBUG_INFORMATION_FORMAT = "dwarf-with-dsym";
				ENABLE_NS_ASSERTIONS = NO;
				ENABLE_STRICT_OBJC_MSGSEND = YES;
				GCC_C_LANGUAGE_STANDARD = gnu11;
				GCC_NO_COMMON_BLOCKS = YES;
				GCC_WARN_64_TO_32_BIT_CONVERSION = YES;
				GCC_WARN_ABOUT_RETURN_TYPE = YES_ERROR;
				GCC_WARN_UNDECLARED_SELECTOR = YES;
				GCC_WARN_UNINITIALIZED_AUTOS = YES_AGGRESSIVE;
				GCC_WARN_UNUSED_FUNCTION = YES;
				GCC_WARN_UNUSED_VARIABLE = YES;
				IPHONEOS_DEPLOYMENT_TARGET = 13.7;
				MTL_ENABLE_DEBUG_INFO = NO;
				MTL_FAST_MATH = YES;
				SDKROOT = iphoneos;
				SWIFT_COMPILATION_MODE = wholemodule;
				SWIFT_OPTIMIZATION_LEVEL = "-O";
				VALIDATE_PRODUCT = YES;
			};
			name = Release;
		};
		B4715DA62510F36900CDFC63 /* Debug */ = {
			isa = XCBuildConfiguration;
			buildSettings = {
				ASSETCATALOG_COMPILER_APPICON_NAME = AppIcon;
				CODE_SIGN_STYLE = Automatic;
				INFOPLIST_FILE = "CollectionViewOld\U0010School/Info.plist";
				LD_RUNPATH_SEARCH_PATHS = (
					"$(inherited)",
					"@executable_path/Frameworks",
				);
				PRODUCT_BUNDLE_IDENTIFIER = "com.howift.CollectionViewOld-School";
				PRODUCT_NAME = "$(TARGET_NAME)";
				SWIFT_VERSION = 5.0;
				TARGETED_DEVICE_FAMILY = "1,2";
			};
			name = Debug;
		};
		B4715DA72510F36900CDFC63 /* Release */ = {
			isa = XCBuildConfiguration;
			buildSettings = {
				ASSETCATALOG_COMPILER_APPICON_NAME = AppIcon;
				CODE_SIGN_STYLE = Automatic;
				INFOPLIST_FILE = "CollectionViewOld\U0010School/Info.plist";
				LD_RUNPATH_SEARCH_PATHS = (
					"$(inherited)",
					"@executable_path/Frameworks",
				);
				PRODUCT_BUNDLE_IDENTIFIER = "com.howift.CollectionViewOld-School";
				PRODUCT_NAME = "$(TARGET_NAME)";
				SWIFT_VERSION = 5.0;
				TARGETED_DEVICE_FAMILY = "1,2";
			};
			name = Release;
		};
/* End XCBuildConfiguration section */

/* Begin XCConfigurationList section */
		B4715D8C2510F36800CDFC63 /* Build configuration list for PBXProject "CollectionViewOldSchool" */ = {
			isa = XCConfigurationList;
			buildConfigurations = (
				B4715DA32510F36900CDFC63 /* Debug */,
				B4715DA42510F36900CDFC63 /* Release */,
			);
			defaultConfigurationIsVisible = 0;
			defaultConfigurationName = Release;
		};
		B4715DA52510F36900CDFC63 /* Build configuration list for PBXNativeTarget "CollectionViewOldSchool" */ = {
			isa = XCConfigurationList;
			buildConfigurations = (
				B4715DA62510F36900CDFC63 /* Debug */,
				B4715DA72510F36900CDFC63 /* Release */,
			);
			defaultConfigurationIsVisible = 0;
			defaultConfigurationName = Release;
		};
/* End XCConfigurationList section */
	};
	rootObject = B4715D892510F36800CDFC63 /* Project object */;
}
