// !$*UTF8*$!
{
	archiveVersion = 1;
	classes = {
	};
	objectVersion = 50;
	objects = {

/* Begin PBXBuildFile section */
		B44AC0B62590D8A9002F4181 /* AppDelegate.swift in Sources */ = {isa = PBXBuildFile; fileRef = B44AC0B52590D8A9002F4181 /* AppDelegate.swift */; };
		B44AC0B82590D8A9002F4181 /* SceneDelegate.swift in Sources */ = {isa = PBXBuildFile; fileRef = B44AC0B72590D8A9002F4181 /* SceneDelegate.swift */; };
		B44AC0BA2590D8A9002F4181 /* ViewController.swift in Sources */ = {isa = PBXBuildFile; fileRef = B44AC0B92590D8A9002F4181 /* ViewController.swift */; };
		B44AC0BD2590D8A9002F4181 /* Main.storyboard in Resources */ = {isa = PBXBuildFile; fileRef = B44AC0BB2590D8A9002F4181 /* Main.storyboard */; };
		B44AC0BF2590D8AA002F4181 /* Assets.xcassets in Resources */ = {isa = PBXBuildFile; fileRef = B44AC0BE2590D8AA002F4181 /* Assets.xcassets */; };
		B44AC0C22590D8AA002F4181 /* LaunchScreen.storyboard in Resources */ = {isa = PBXBuildFile; fileRef = B44AC0C02590D8AA002F4181 /* LaunchScreen.storyboard */; };
/* End PBXBuildFile section */

/* Begin PBXFileReference section */
		B44AC0B22590D8A9002F4181 /* AutoLayoutWithCode.app */ = {isa = PBXFileReference; explicitFileType = wrapper.application; includeInIndex = 0; path = AutoLayoutWithCode.app; sourceTree = BUILT_PRODUCTS_DIR; };
		B44AC0B52590D8A9002F4181 /* AppDelegate.swift */ = {isa = PBXFileReference; lastKnownFileType = sourcecode.swift; path = AppDelegate.swift; sourceTree = "<group>"; };
		B44AC0B72590D8A9002F4181 /* SceneDelegate.swift */ = {isa = PBXFileReference; lastKnownFileType = sourcecode.swift; path = SceneDelegate.swift; sourceTree = "<group>"; };
		B44AC0B92590D8A9002F4181 /* ViewController.swift */ = {isa = PBXFileReference; lastKnownFileType = sourcecode.swift; path = ViewController.swift; sourceTree = "<group>"; };
		B44AC0BC2590D8A9002F4181 /* Base */ = {isa = PBXFileReference; lastKnownFileType = file.storyboard; name = Base; path = Base.lproj/Main.storyboard; sourceTree = "<group>"; };
		B44AC0BE2590D8AA002F4181 /* Assets.xcassets */ = {isa = PBXFileReference; lastKnownFileType = folder.assetcatalog; path = Assets.xcassets; sourceTree = "<group>"; };
		B44AC0C12590D8AA002F4181 /* Base */ = {isa = PBXFileReference; lastKnownFileType = file.storyboard; name = Base; path = Base.lproj/LaunchScreen.storyboard; sourceTree = "<group>"; };
		B44AC0C32590D8AA002F4181 /* Info.plist */ = {isa = PBXFileReference; lastKnownFileType = text.plist.xml; path = Info.plist; sourceTree = "<group>"; };
/* End PBXFileReference section */

/* Begin PBXFrameworksBuildPhase section */
		B44AC0AF2590D8A9002F4181 /* Frameworks */ = {
			isa = PBXFrameworksBuildPhase;
			buildActionMask = 2147483647;
			files = (
			);
			runOnlyForDeploymentPostprocessing = 0;
		};
/* End PBXFrameworksBuildPhase section */

/* Begin PBXGroup section */
		B44AC0A92590D8A9002F4181 = {
			isa = PBXGroup;
			children = (
				B44AC0B42590D8A9002F4181 /* AutoLayoutWithCode */,
				B44AC0B32590D8A9002F4181 /* Products */,
			);
			sourceTree = "<group>";
		};
		B44AC0B32590D8A9002F4181 /* Products */ = {
			isa = PBXGroup;
			children = (
				B44AC0B22590D8A9002F4181 /* AutoLayoutWithCode.app */,
			);
			name = Products;
			sourceTree = "<group>";
		};
		B44AC0B42590D8A9002F4181 /* AutoLayoutWithCode */ = {
			isa = PBXGroup;
			children = (
				B44AC0B52590D8A9002F4181 /* AppDelegate.swift */,
				B44AC0B72590D8A9002F4181 /* SceneDelegate.swift */,
				B44AC0B92590D8A9002F4181 /* ViewController.swift */,
				B44AC0BB2590D8A9002F4181 /* Main.storyboard */,
				B44AC0BE2590D8AA002F4181 /* Assets.xcassets */,
				B44AC0C02590D8AA002F4181 /* LaunchScreen.storyboard */,
				B44AC0C32590D8AA002F4181 /* Info.plist */,
			);
			path = AutoLayoutWithCode;
			sourceTree = "<group>";
		};
/* End PBXGroup section */

/* Begin PBXNativeTarget section */
		B44AC0B12590D8A9002F4181 /* AutoLayoutWithCode */ = {
			isa = PBXNativeTarget;
			buildConfigurationList = B44AC0C62590D8AA002F4181 /* Build configuration list for PBXNativeTarget "AutoLayoutWithCode" */;
			buildPhases = (
				B44AC0AE2590D8A9002F4181 /* Sources */,
				B44AC0AF2590D8A9002F4181 /* Frameworks */,
				B44AC0B02590D8A9002F4181 /* Resources */,
			);
			buildRules = (
			);
			dependencies = (
			);
			name = AutoLayoutWithCode;
			productName = AutoLayoutWithCode;
			productReference = B44AC0B22590D8A9002F4181 /* AutoLayoutWithCode.app */;
			productType = "com.apple.product-type.application";
		};
/* End PBXNativeTarget section */

/* Begin PBXProject section */
		B44AC0AA2590D8A9002F4181 /* Project object */ = {
			isa = PBXProject;
			attributes = {
				LastSwiftUpdateCheck = 1230;
				LastUpgradeCheck = 1230;
				TargetAttributes = {
					B44AC0B12590D8A9002F4181 = {
						CreatedOnToolsVersion = 12.3;
					};
				};
			};
			buildConfigurationList = B44AC0AD2590D8A9002F4181 /* Build configuration list for PBXProject "AutoLayoutWithCode" */;
			compatibilityVersion = "Xcode 9.3";
			developmentRegion = en;
			hasScannedForEncodings = 0;
			knownRegions = (
				en,
				Base,
			);
			mainGroup = B44AC0A92590D8A9002F4181;
			productRefGroup = B44AC0B32590D8A9002F4181 /* Products */;
			projectDirPath = "";
			projectRoot = "";
			targets = (
				B44AC0B12590D8A9002F4181 /* AutoLayoutWithCode */,
			);
		};
/* End PBXProject section */

/* Begin PBXResourcesBuildPhase section */
		B44AC0B02590D8A9002F4181 /* Resources */ = {
			isa = PBXResourcesBuildPhase;
			buildActionMask = 2147483647;
			files = (
				B44AC0C22590D8AA002F4181 /* LaunchScreen.storyboard in Resources */,
				B44AC0BF2590D8AA002F4181 /* Assets.xcassets in Resources */,
				B44AC0BD2590D8A9002F4181 /* Main.storyboard in Resources */,
			);
			runOnlyForDeploymentPostprocessing = 0;
		};
/* End PBXResourcesBuildPhase section */

/* Begin PBXSourcesBuildPhase section */
		B44AC0AE2590D8A9002F4181 /* Sources */ = {
			isa = PBXSourcesBuildPhase;
			buildActionMask = 2147483647;
			files = (
				B44AC0BA2590D8A9002F4181 /* ViewController.swift in Sources */,
				B44AC0B62590D8A9002F4181 /* AppDelegate.swift in Sources */,
				B44AC0B82590D8A9002F4181 /* SceneDelegate.swift in Sources */,
			);
			runOnlyForDeploymentPostprocessing = 0;
		};
/* End PBXSourcesBuildPhase section */

/* Begin PBXVariantGroup section */
		B44AC0BB2590D8A9002F4181 /* Main.storyboard */ = {
			isa = PBXVariantGroup;
			children = (
				B44AC0BC2590D8A9002F4181 /* Base */,
			);
			name = Main.storyboard;
			sourceTree = "<group>";
		};
		B44AC0C02590D8AA002F4181 /* LaunchScreen.storyboard */ = {
			isa = PBXVariantGroup;
			children = (
				B44AC0C12590D8AA002F4181 /* Base */,
			);
			name = LaunchScreen.storyboard;
			sourceTree = "<group>";
		};
/* End PBXVariantGroup section */

/* Begin XCBuildConfiguration section */
		B44AC0C42590D8AA002F4181 /* Debug */ = {
			isa = XCBuildConfiguration;
			buildSettings = {
				ALWAYS_SEARCH_USER_PATHS = NO;
				CLANG_ANALYZER_NONNULL = YES;
				CLANG_ANALYZER_NUMBER_OBJECT_CONVERSION = YES_AGGRESSIVE;
				CLANG_CXX_LANGUAGE_STANDARD = "gnu++14";
				CLANG_CXX_LIBRARY = "libc++";
				CLANG_ENABLE_MODULES = YES;
				CLANG_ENABLE_OBJC_ARC = YES;
				CLANG_ENABLE_OBJC_WEAK = YES;
				CLANG_WARN_BLOCK_CAPTURE_AUTORELEASING = YES;
				CLANG_WARN_BOOL_CONVERSION = YES;
				CLANG_WARN_COMMA = YES;
				CLANG_WARN_CONSTANT_CONVERSION = YES;
				CLANG_WARN_DEPRECATED_OBJC_IMPLEMENTATIONS = YES;
				CLANG_WARN_DIRECT_OBJC_ISA_USAGE = YES_ERROR;
				CLANG_WARN_DOCUMENTATION_COMMENTS = YES;
				CLANG_WARN_EMPTY_BODY = YES;
				CLANG_WARN_ENUM_CONVERSION = YES;
				CLANG_WARN_INFINITE_RECURSION = YES;
				CLANG_WARN_INT_CONVERSION = YES;
				CLANG_WARN_NON_LITERAL_NULL_CONVERSION = YES;
				CLANG_WARN_OBJC_IMPLICIT_RETAIN_SELF = YES;
				CLANG_WARN_OBJC_LITERAL_CONVERSION = YES;
				CLANG_WARN_OBJC_ROOT_CLASS = YES_ERROR;
				CLANG_WARN_QUOTED_INCLUDE_IN_FRAMEWORK_HEADER = YES;
				CLANG_WARN_RANGE_LOOP_ANALYSIS = YES;
				CLANG_WARN_STRICT_PROTOTYPES = YES;
				CLANG_WARN_SUSPICIOUS_MOVE = YES;
				CLANG_WARN_UNGUARDED_AVAILABILITY = YES_AGGRESSIVE;
				CLANG_WARN_UNREACHABLE_CODE = YES;
				CLANG_WARN__DUPLICATE_METHOD_MATCH = YES;
				COPY_PHASE_STRIP = NO;
				DEBUG_INFORMATION_FORMAT = dwarf;
				ENABLE_STRICT_OBJC_MSGSEND = YES;
				ENABLE_TESTABILITY = YES;
				GCC_C_LANGUAGE_STANDARD = gnu11;
				GCC_DYNAMIC_NO_PIC = NO;
				GCC_NO_COMMON_BLOCKS = YES;
				GCC_OPTIMIZATION_LEVEL = 0;
				GCC_PREPROCESSOR_DEFINITIONS = (
					"DEBUG=1",
					"$(inherited)",
				);
				GCC_WARN_64_TO_32_BIT_CONVERSION = YES;
				GCC_WARN_ABOUT_RETURN_TYPE = YES_ERROR;
				GCC_WARN_UNDECLARED_SELECTOR = YES;
				GCC_WARN_UNINITIALIZED_AUTOS = YES_AGGRESSIVE;
				GCC_WARN_UNUSED_FUNCTION = YES;
				GCC_WARN_UNUSED_VARIABLE = YES;
				IPHONEOS_DEPLOYMENT_TARGET = 14.3;
				MTL_ENABLE_DEBUG_INFO = INCLUDE_SOURCE;
				MTL_FAST_MATH = YES;
				ONLY_ACTIVE_ARCH = YES;
				SDKROOT = iphoneos;
				SWIFT_ACTIVE_COMPILATION_CONDITIONS = DEBUG;
				SWIFT_OPTIMIZATION_LEVEL = "-Onone";
			};
			name = Debug;
		};
		B44AC0C52590D8AA002F4181 /* Release */ = {
			isa = XCBuildConfiguration;
			buildSettings = {
				ALWAYS_SEARCH_USER_PATHS = NO;
				CLANG_ANALYZER_NONNULL = YES;
				CLANG_ANALYZER_NUMBER_OBJECT_CONVERSION = YES_AGGRESSIVE;
				CLANG_CXX_LANGUAGE_STANDARD = "gnu++14";
				CLANG_CXX_LIBRARY = "libc++";
				CLANG_ENABLE_MODULES = YES;
				CLANG_ENABLE_OBJC_ARC = YES;
				CLANG_ENABLE_OBJC_WEAK = YES;
				CLANG_WARN_BLOCK_CAPTURE_AUTORELEASING = YES;
				CLANG_WARN_BOOL_CONVERSION = YES;
				CLANG_WARN_COMMA = YES;
				CLANG_WARN_CONSTANT_CONVERSION = YES;
				CLANG_WARN_DEPRECATED_OBJC_IMPLEMENTATIONS = YES;
				CLANG_WARN_DIRECT_OBJC_ISA_USAGE = YES_ERROR;
				CLANG_WARN_DOCUMENTATION_COMMENTS = YES;
				CLANG_WARN_EMPTY_BODY = YES;
				CLANG_WARN_ENUM_CONVERSION = YES;
				CLANG_WARN_INFINITE_RECURSION = YES;
				CLANG_WARN_INT_CONVERSION = YES;
				CLANG_WARN_NON_LITERAL_NULL_CONVERSION = YES;
				CLANG_WARN_OBJC_IMPLICIT_RETAIN_SELF = YES;
				CLANG_WARN_OBJC_LITERAL_CONVERSION = YES;
				CLANG_WARN_OBJC_ROOT_CLASS = YES_ERROR;
				CLANG_WARN_QUOTED_INCLUDE_IN_FRAMEWORK_HEADER = YES;
				CLANG_WARN_RANGE_LOOP_ANALYSIS = YES;
				CLANG_WARN_STRICT_PROTOTYPES = YES;
				CLANG_WARN_SUSPICIOUS_MOVE = YES;
				CLANG_WARN_UNGUARDED_AVAILABILITY = YES_AGGRESSIVE;
				CLANG_WARN_UNREACHABLE_CODE = YES;
				CLANG_WARN__DUPLICATE_METHOD_MATCH = YES;
				COPY_PHASE_STRIP = NO;
				DEBUG_INFORMATION_FORMAT = "dwarf-with-dsym";
				ENABLE_NS_ASSERTIONS = NO;
				ENABLE_STRICT_OBJC_MSGSEND = YES;
				GCC_C_LANGUAGE_STANDARD = gnu11;
				GCC_NO_COMMON_BLOCKS = YES;
				GCC_WARN_64_TO_32_BIT_CONVERSION = YES;
				GCC_WARN_ABOUT_RETURN_TYPE = YES_ERROR;
				GCC_WARN_UNDECLARED_SELECTOR = YES;
				GCC_WARN_UNINITIALIZED_AUTOS = YES_AGGRESSIVE;
				GCC_WARN_UNUSED_FUNCTION = YES;
				GCC_WARN_UNUSED_VARIABLE = YES;
				IPHONEOS_DEPLOYMENT_TARGET = 14.3;
				MTL_ENABLE_DEBUG_INFO = NO;
				MTL_FAST_MATH = YES;
				SDKROOT = iphoneos;
				SWIFT_COMPILATION_MODE = wholemodule;
				SWIFT_OPTIMIZATION_LEVEL = "-O";
				VALIDATE_PRODUCT = YES;
			};
			name = Release;
		};
		B44AC0C72590D8AA002F4181 /* Debug */ = {
			isa = XCBuildConfiguration;
			buildSettings = {
				ASSETCATALOG_COMPILER_APPICON_NAME = AppIcon;
				ASSETCATALOG_COMPILER_GLOBAL_ACCENT_COLOR_NAME = AccentColor;
				CODE_SIGN_STYLE = Automatic;
				INFOPLIST_FILE = AutoLayoutWithCode/Info.plist;
				LD_RUNPATH_SEARCH_PATHS = (
					"$(inherited)",
					"@executable_path/Frameworks",
				);
				PRODUCT_BUNDLE_IDENTIFIER = com.howift.AutoLayoutWithCode;
				PRODUCT_NAME = "$(TARGET_NAME)";
				SWIFT_VERSION = 5.0;
				TARGETED_DEVICE_FAMILY = "1,2";
			};
			name = Debug;
		};
		B44AC0C82590D8AA002F4181 /* Release */ = {
			isa = XCBuildConfiguration;
			buildSettings = {
				ASSETCATALOG_COMPILER_APPICON_NAME = AppIcon;
				ASSETCATALOG_COMPILER_GLOBAL_ACCENT_COLOR_NAME = AccentColor;
				CODE_SIGN_STYLE = Automatic;
				INFOPLIST_FILE = AutoLayoutWithCode/Info.plist;
				LD_RUNPATH_SEARCH_PATHS = (
					"$(inherited)",
					"@executable_path/Frameworks",
				);
				PRODUCT_BUNDLE_IDENTIFIER = com.howift.AutoLayoutWithCode;
				PRODUCT_NAME = "$(TARGET_NAME)";
				SWIFT_VERSION = 5.0;
				TARGETED_DEVICE_FAMILY = "1,2";
			};
			name = Release;
		};
/* End XCBuildConfiguration section */

/* Begin XCConfigurationList section */
		B44AC0AD2590D8A9002F4181 /* Build configuration list for PBXProject "AutoLayoutWithCode" */ = {
			isa = XCConfigurationList;
			buildConfigurations = (
				B44AC0C42590D8AA002F4181 /* Debug */,
				B44AC0C52590D8AA002F4181 /* Release */,
			);
			defaultConfigurationIsVisible = 0;
			defaultConfigurationName = Release;
		};
		B44AC0C62590D8AA002F4181 /* Build configuration list for PBXNativeTarget "AutoLayoutWithCode" */ = {
			isa = XCConfigurationList;
			buildConfigurations = (
				B44AC0C72590D8AA002F4181 /* Debug */,
				B44AC0C82590D8AA002F4181 /* Release */,
			);
			defaultConfigurationIsVisible = 0;
			defaultConfigurationName = Release;
		};
/* End XCConfigurationList section */
	};
	rootObject = B44AC0AA2590D8A9002F4181 /* Project object */;
}
