// !$*UTF8*$!
{
	archiveVersion = 1;
	classes = {
	};
	objectVersion = 50;
	objects = {

/* Begin PBXBuildFile section */
		B413BF75248A59E900FAE399 /* AppDelegate.swift in Sources */ = {isa = PBXBuildFile; fileRef = B413BF74248A59E900FAE399 /* AppDelegate.swift */; };
		B413BF77248A59E900FAE399 /* SceneDelegate.swift in Sources */ = {isa = PBXBuildFile; fileRef = B413BF76248A59E900FAE399 /* SceneDelegate.swift */; };
		B413BF79248A59E900FAE399 /* ViewController.swift in Sources */ = {isa = PBXBuildFile; fileRef = B413BF78248A59E900FAE399 /* ViewController.swift */; };
		B413BF7C248A59E900FAE399 /* Main.storyboard in Resources */ = {isa = PBXBuildFile; fileRef = B413BF7A248A59E900FAE399 /* Main.storyboard */; };
		B413BF7E248A59EC00FAE399 /* Assets.xcassets in Resources */ = {isa = PBXBuildFile; fileRef = B413BF7D248A59EC00FAE399 /* Assets.xcassets */; };
		B413BF81248A59EC00FAE399 /* LaunchScreen.storyboard in Resources */ = {isa = PBXBuildFile; fileRef = B413BF7F248A59EC00FAE399 /* LaunchScreen.storyboard */; };
/* End PBXBuildFile section */

/* Begin PBXFileReference section */
		B413BF71248A59E900FAE399 /* Bullseye UIKit.app */ = {isa = PBXFileReference; explicitFileType = wrapper.application; includeInIndex = 0; path = "Bullseye UIKit.app"; sourceTree = BUILT_PRODUCTS_DIR; };
		B413BF74248A59E900FAE399 /* AppDelegate.swift */ = {isa = PBXFileReference; lastKnownFileType = sourcecode.swift; path = AppDelegate.swift; sourceTree = "<group>"; };
		B413BF76248A59E900FAE399 /* SceneDelegate.swift */ = {isa = PBXFileReference; lastKnownFileType = sourcecode.swift; path = SceneDelegate.swift; sourceTree = "<group>"; };
		B413BF78248A59E900FAE399 /* ViewController.swift */ = {isa = PBXFileReference; lastKnownFileType = sourcecode.swift; path = ViewController.swift; sourceTree = "<group>"; };
		B413BF7B248A59E900FAE399 /* Base */ = {isa = PBXFileReference; lastKnownFileType = file.storyboard; name = Base; path = Base.lproj/Main.storyboard; sourceTree = "<group>"; };
		B413BF7D248A59EC00FAE399 /* Assets.xcassets */ = {isa = PBXFileReference; lastKnownFileType = folder.assetcatalog; path = Assets.xcassets; sourceTree = "<group>"; };
		B413BF80248A59EC00FAE399 /* Base */ = {isa = PBXFileReference; lastKnownFileType = file.storyboard; name = Base; path = Base.lproj/LaunchScreen.storyboard; sourceTree = "<group>"; };
		B413BF82248A59EC00FAE399 /* Info.plist */ = {isa = PBXFileReference; lastKnownFileType = text.plist.xml; path = Info.plist; sourceTree = "<group>"; };
		B413BF88248A5A1600FAE399 /* README.md */ = {isa = PBXFileReference; lastKnownFileType = net.daringfireball.markdown; path = README.md; sourceTree = "<group>"; };
/* End PBXFileReference section */

/* Begin PBXFrameworksBuildPhase section */
		B413BF6E248A59E900FAE399 /* Frameworks */ = {
			isa = PBXFrameworksBuildPhase;
			buildActionMask = 2147483647;
			files = (
			);
			runOnlyForDeploymentPostprocessing = 0;
		};
/* End PBXFrameworksBuildPhase section */

/* Begin PBXGroup section */
		B413BF68248A59E900FAE399 = {
			isa = PBXGroup;
			children = (
				B413BF88248A5A1600FAE399 /* README.md */,
				B413BF73248A59E900FAE399 /* Bullseye UIKit */,
				B413BF72248A59E900FAE399 /* Products */,
			);
			sourceTree = "<group>";
		};
		B413BF72248A59E900FAE399 /* Products */ = {
			isa = PBXGroup;
			children = (
				B413BF71248A59E900FAE399 /* Bullseye UIKit.app */,
			);
			name = Products;
			sourceTree = "<group>";
		};
		B413BF73248A59E900FAE399 /* Bullseye UIKit */ = {
			isa = PBXGroup;
			children = (
				B413BF74248A59E900FAE399 /* AppDelegate.swift */,
				B413BF76248A59E900FAE399 /* SceneDelegate.swift */,
				B413BF78248A59E900FAE399 /* ViewController.swift */,
				B413BF7A248A59E900FAE399 /* Main.storyboard */,
				B413BF7D248A59EC00FAE399 /* Assets.xcassets */,
				B413BF7F248A59EC00FAE399 /* LaunchScreen.storyboard */,
				B413BF82248A59EC00FAE399 /* Info.plist */,
			);
			path = "Bullseye UIKit";
			sourceTree = "<group>";
		};
/* End PBXGroup section */

/* Begin PBXNativeTarget section */
		B413BF70248A59E900FAE399 /* Bullseye UIKit */ = {
			isa = PBXNativeTarget;
			buildConfigurationList = B413BF85248A59EC00FAE399 /* Build configuration list for PBXNativeTarget "Bullseye UIKit" */;
			buildPhases = (
				B413BF6D248A59E900FAE399 /* Sources */,
				B413BF6E248A59E900FAE399 /* Frameworks */,
				B413BF6F248A59E900FAE399 /* Resources */,
			);
			buildRules = (
			);
			dependencies = (
			);
			name = "Bullseye UIKit";
			productName = "Bullseye UIKit";
			productReference = B413BF71248A59E900FAE399 /* Bullseye UIKit.app */;
			productType = "com.apple.product-type.application";
		};
/* End PBXNativeTarget section */

/* Begin PBXProject section */
		B413BF69248A59E900FAE399 /* Project object */ = {
			isa = PBXProject;
			attributes = {
				LastSwiftUpdateCheck = 1150;
				LastUpgradeCheck = 1150;
				ORGANIZATIONNAME = "김호준";
				TargetAttributes = {
					B413BF70248A59E900FAE399 = {
						CreatedOnToolsVersion = 11.5;
					};
				};
			};
			buildConfigurationList = B413BF6C248A59E900FAE399 /* Build configuration list for PBXProject "Bullseye UIKit" */;
			compatibilityVersion = "Xcode 9.3";
			developmentRegion = en;
			hasScannedForEncodings = 0;
			knownRegions = (
				en,
				Base,
			);
			mainGroup = B413BF68248A59E900FAE399;
			productRefGroup = B413BF72248A59E900FAE399 /* Products */;
			projectDirPath = "";
			projectRoot = "";
			targets = (
				B413BF70248A59E900FAE399 /* Bullseye UIKit */,
			);
		};
/* End PBXProject section */

/* Begin PBXResourcesBuildPhase section */
		B413BF6F248A59E900FAE399 /* Resources */ = {
			isa = PBXResourcesBuildPhase;
			buildActionMask = 2147483647;
			files = (
				B413BF81248A59EC00FAE399 /* LaunchScreen.storyboard in Resources */,
				B413BF7E248A59EC00FAE399 /* Assets.xcassets in Resources */,
				B413BF7C248A59E900FAE399 /* Main.storyboard in Resources */,
			);
			runOnlyForDeploymentPostprocessing = 0;
		};
/* End PBXResourcesBuildPhase section */

/* Begin PBXSourcesBuildPhase section */
		B413BF6D248A59E900FAE399 /* Sources */ = {
			isa = PBXSourcesBuildPhase;
			buildActionMask = 2147483647;
			files = (
				B413BF79248A59E900FAE399 /* ViewController.swift in Sources */,
				B413BF75248A59E900FAE399 /* AppDelegate.swift in Sources */,
				B413BF77248A59E900FAE399 /* SceneDelegate.swift in Sources */,
			);
			runOnlyForDeploymentPostprocessing = 0;
		};
/* End PBXSourcesBuildPhase section */

/* Begin PBXVariantGroup section */
		B413BF7A248A59E900FAE399 /* Main.storyboard */ = {
			isa = PBXVariantGroup;
			children = (
				B413BF7B248A59E900FAE399 /* Base */,
			);
			name = Main.storyboard;
			sourceTree = "<group>";
		};
		B413BF7F248A59EC00FAE399 /* LaunchScreen.storyboard */ = {
			isa = PBXVariantGroup;
			children = (
				B413BF80248A59EC00FAE399 /* Base */,
			);
			name = LaunchScreen.storyboard;
			sourceTree = "<group>";
		};
/* End PBXVariantGroup section */

/* Begin XCBuildConfiguration section */
		B413BF83248A59EC00FAE399 /* Debug */ = {
			isa = XCBuildConfiguration;
			buildSettings = {
				ALWAYS_SEARCH_USER_PATHS = NO;
				CLANG_ANALYZER_NONNULL = YES;
				CLANG_ANALYZER_NUMBER_OBJECT_CONVERSION = YES_AGGRESSIVE;
				CLANG_CXX_LANGUAGE_STANDARD = "gnu++14";
				CLANG_CXX_LIBRARY = "libc++";
				CLANG_ENABLE_MODULES = YES;
				CLANG_ENABLE_OBJC_ARC = YES;
				CLANG_ENABLE_OBJC_WEAK = YES;
				CLANG_WARN_BLOCK_CAPTURE_AUTORELEASING = YES;
				CLANG_WARN_BOOL_CONVERSION = YES;
				CLANG_WARN_COMMA = YES;
				CLANG_WARN_CONSTANT_CONVERSION = YES;
				CLANG_WARN_DEPRECATED_OBJC_IMPLEMENTATIONS = YES;
				CLANG_WARN_DIRECT_OBJC_ISA_USAGE = YES_ERROR;
				CLANG_WARN_DOCUMENTATION_COMMENTS = YES;
				CLANG_WARN_EMPTY_BODY = YES;
				CLANG_WARN_ENUM_CONVERSION = YES;
				CLANG_WARN_INFINITE_RECURSION = YES;
				CLANG_WARN_INT_CONVERSION = YES;
				CLANG_WARN_NON_LITERAL_NULL_CONVERSION = YES;
				CLANG_WARN_OBJC_IMPLICIT_RETAIN_SELF = YES;
				CLANG_WARN_OBJC_LITERAL_CONVERSION = YES;
				CLANG_WARN_OBJC_ROOT_CLASS = YES_ERROR;
				CLANG_WARN_RANGE_LOOP_ANALYSIS = YES;
				CLANG_WARN_STRICT_PROTOTYPES = YES;
				CLANG_WARN_SUSPICIOUS_MOVE = YES;
				CLANG_WARN_UNGUARDED_AVAILABILITY = YES_AGGRESSIVE;
				CLANG_WARN_UNREACHABLE_CODE = YES;
				CLANG_WARN__DUPLICATE_METHOD_MATCH = YES;
				COPY_PHASE_STRIP = NO;
				DEBUG_INFORMATION_FORMAT = dwarf;
				ENABLE_STRICT_OBJC_MSGSEND = YES;
				ENABLE_TESTABILITY = YES;
				GCC_C_LANGUAGE_STANDARD = gnu11;
				GCC_DYNAMIC_NO_PIC = NO;
				GCC_NO_COMMON_BLOCKS = YES;
				GCC_OPTIMIZATION_LEVEL = 0;
				GCC_PREPROCESSOR_DEFINITIONS = (
					"DEBUG=1",
					"$(inherited)",
				);
				GCC_WARN_64_TO_32_BIT_CONVERSION = YES;
				GCC_WARN_ABOUT_RETURN_TYPE = YES_ERROR;
				GCC_WARN_UNDECLARED_SELECTOR = YES;
				GCC_WARN_UNINITIALIZED_AUTOS = YES_AGGRESSIVE;
				GCC_WARN_UNUSED_FUNCTION = YES;
				GCC_WARN_UNUSED_VARIABLE = YES;
				IPHONEOS_DEPLOYMENT_TARGET = 13.5;
				MTL_ENABLE_DEBUG_INFO = INCLUDE_SOURCE;
				MTL_FAST_MATH = YES;
				ONLY_ACTIVE_ARCH = YES;
				SDKROOT = iphoneos;
				SWIFT_ACTIVE_COMPILATION_CONDITIONS = DEBUG;
				SWIFT_OPTIMIZATION_LEVEL = "-Onone";
			};
			name = Debug;
		};
		B413BF84248A59EC00FAE399 /* Release */ = {
			isa = XCBuildConfiguration;
			buildSettings = {
				ALWAYS_SEARCH_USER_PATHS = NO;
				CLANG_ANALYZER_NONNULL = YES;
				CLANG_ANALYZER_NUMBER_OBJECT_CONVERSION = YES_AGGRESSIVE;
				CLANG_CXX_LANGUAGE_STANDARD = "gnu++14";
				CLANG_CXX_LIBRARY = "libc++";
				CLANG_ENABLE_MODULES = YES;
				CLANG_ENABLE_OBJC_ARC = YES;
				CLANG_ENABLE_OBJC_WEAK = YES;
				CLANG_WARN_BLOCK_CAPTURE_AUTORELEASING = YES;
				CLANG_WARN_BOOL_CONVERSION = YES;
				CLANG_WARN_COMMA = YES;
				CLANG_WARN_CONSTANT_CONVERSION = YES;
				CLANG_WARN_DEPRECATED_OBJC_IMPLEMENTATIONS = YES;
				CLANG_WARN_DIRECT_OBJC_ISA_USAGE = YES_ERROR;
				CLANG_WARN_DOCUMENTATION_COMMENTS = YES;
				CLANG_WARN_EMPTY_BODY = YES;
				CLANG_WARN_ENUM_CONVERSION = YES;
				CLANG_WARN_INFINITE_RECURSION = YES;
				CLANG_WARN_INT_CONVERSION = YES;
				CLANG_WARN_NON_LITERAL_NULL_CONVERSION = YES;
				CLANG_WARN_OBJC_IMPLICIT_RETAIN_SELF = YES;
				CLANG_WARN_OBJC_LITERAL_CONVERSION = YES;
				CLANG_WARN_OBJC_ROOT_CLASS = YES_ERROR;
				CLANG_WARN_RANGE_LOOP_ANALYSIS = YES;
				CLANG_WARN_STRICT_PROTOTYPES = YES;
				CLANG_WARN_SUSPICIOUS_MOVE = YES;
				CLANG_WARN_UNGUARDED_AVAILABILITY = YES_AGGRESSIVE;
				CLANG_WARN_UNREACHABLE_CODE = YES;
				CLANG_WARN__DUPLICATE_METHOD_MATCH = YES;
				COPY_PHASE_STRIP = NO;
				DEBUG_INFORMATION_FORMAT = "dwarf-with-dsym";
				ENABLE_NS_ASSERTIONS = NO;
				ENABLE_STRICT_OBJC_MSGSEND = YES;
				GCC_C_LANGUAGE_STANDARD = gnu11;
				GCC_NO_COMMON_BLOCKS = YES;
				GCC_WARN_64_TO_32_BIT_CONVERSION = YES;
				GCC_WARN_ABOUT_RETURN_TYPE = YES_ERROR;
				GCC_WARN_UNDECLARED_SELECTOR = YES;
				GCC_WARN_UNINITIALIZED_AUTOS = YES_AGGRESSIVE;
				GCC_WARN_UNUSED_FUNCTION = YES;
				GCC_WARN_UNUSED_VARIABLE = YES;
				IPHONEOS_DEPLOYMENT_TARGET = 13.5;
				MTL_ENABLE_DEBUG_INFO = NO;
				MTL_FAST_MATH = YES;
				SDKROOT = iphoneos;
				SWIFT_COMPILATION_MODE = wholemodule;
				SWIFT_OPTIMIZATION_LEVEL = "-O";
				VALIDATE_PRODUCT = YES;
			};
			name = Release;
		};
		B413BF86248A59EC00FAE399 /* Debug */ = {
			isa = XCBuildConfiguration;
			buildSettings = {
				ASSETCATALOG_COMPILER_APPICON_NAME = AppIcon;
				CODE_SIGN_STYLE = Automatic;
				INFOPLIST_FILE = "Bullseye UIKit/Info.plist";
				LD_RUNPATH_SEARCH_PATHS = (
					"$(inherited)",
					"@executable_path/Frameworks",
				);
				PRODUCT_BUNDLE_IDENTIFIER = "com.howift.Bullseye-UIKit";
				PRODUCT_NAME = "$(TARGET_NAME)";
				SWIFT_VERSION = 5.0;
				TARGETED_DEVICE_FAMILY = "1,2";
			};
			name = Debug;
		};
		B413BF87248A59EC00FAE399 /* Release */ = {
			isa = XCBuildConfiguration;
			buildSettings = {
				ASSETCATALOG_COMPILER_APPICON_NAME = AppIcon;
				CODE_SIGN_STYLE = Automatic;
				INFOPLIST_FILE = "Bullseye UIKit/Info.plist";
				LD_RUNPATH_SEARCH_PATHS = (
					"$(inherited)",
					"@executable_path/Frameworks",
				);
				PRODUCT_BUNDLE_IDENTIFIER = "com.howift.Bullseye-UIKit";
				PRODUCT_NAME = "$(TARGET_NAME)";
				SWIFT_VERSION = 5.0;
				TARGETED_DEVICE_FAMILY = "1,2";
			};
			name = Release;
		};
/* End XCBuildConfiguration section */

/* Begin XCConfigurationList section */
		B413BF6C248A59E900FAE399 /* Build configuration list for PBXProject "Bullseye UIKit" */ = {
			isa = XCConfigurationList;
			buildConfigurations = (
				B413BF83248A59EC00FAE399 /* Debug */,
				B413BF84248A59EC00FAE399 /* Release */,
			);
			defaultConfigurationIsVisible = 0;
			defaultConfigurationName = Release;
		};
		B413BF85248A59EC00FAE399 /* Build configuration list for PBXNativeTarget "Bullseye UIKit" */ = {
			isa = XCConfigurationList;
			buildConfigurations = (
				B413BF86248A59EC00FAE399 /* Debug */,
				B413BF87248A59EC00FAE399 /* Release */,
			);
			defaultConfigurationIsVisible = 0;
			defaultConfigurationName = Release;
		};
/* End XCConfigurationList section */
	};
	rootObject = B413BF69248A59E900FAE399 /* Project object */;
}
