// !$*UTF8*$!
{
	archiveVersion = 1;
	classes = {
	};
	objectVersion = 51;
	objects = {

/* Begin PBXBuildFile section */
		58A3ECAA6315C2C86AD51855 /* Pods_CustomLogin.framework in Frameworks */ = {isa = PBXBuildFile; fileRef = E7A6C744C94494A15F86234E /* Pods_CustomLogin.framework */; };
		B42637BF24BF6E3C0064F200 /* GoogleService-Info.plist in Resources */ = {isa = PBXBuildFile; fileRef = B42637BE24BF6E3C0064F200 /* GoogleService-Info.plist */; };
		B42637C124BF78D20064F200 /* Constants.swift in Sources */ = {isa = PBXBuildFile; fileRef = B42637C024BF78D20064F200 /* Constants.swift */; };
		B4B92D6F24BE018B00180BE9 /* AppDelegate.swift in Sources */ = {isa = PBXBuildFile; fileRef = B4B92D6E24BE018B00180BE9 /* AppDelegate.swift */; };
		B4B92D7124BE018B00180BE9 /* SceneDelegate.swift in Sources */ = {isa = PBXBuildFile; fileRef = B4B92D7024BE018B00180BE9 /* SceneDelegate.swift */; };
		B4B92D7324BE018B00180BE9 /* ViewController.swift in Sources */ = {isa = PBXBuildFile; fileRef = B4B92D7224BE018B00180BE9 /* ViewController.swift */; };
		B4B92D7624BE018B00180BE9 /* Main.storyboard in Resources */ = {isa = PBXBuildFile; fileRef = B4B92D7424BE018B00180BE9 /* Main.storyboard */; };
		B4B92D7824BE018E00180BE9 /* Assets.xcassets in Resources */ = {isa = PBXBuildFile; fileRef = B4B92D7724BE018E00180BE9 /* Assets.xcassets */; };
		B4B92D7B24BE018E00180BE9 /* LaunchScreen.storyboard in Resources */ = {isa = PBXBuildFile; fileRef = B4B92D7924BE018E00180BE9 /* LaunchScreen.storyboard */; };
		B4B92D8324BE01B700180BE9 /* SignUpViewController.swift in Sources */ = {isa = PBXBuildFile; fileRef = B4B92D8224BE01B700180BE9 /* SignUpViewController.swift */; };
		B4B92D8524BE01C200180BE9 /* LoginViewController.swift in Sources */ = {isa = PBXBuildFile; fileRef = B4B92D8424BE01C200180BE9 /* LoginViewController.swift */; };
		B4B92D8724BE01D200180BE9 /* HomeViewController.swift in Sources */ = {isa = PBXBuildFile; fileRef = B4B92D8624BE01D200180BE9 /* HomeViewController.swift */; };
		B4B92D8A24BE0AF700180BE9 /* Utilities.swift in Sources */ = {isa = PBXBuildFile; fileRef = B4B92D8924BE0AF700180BE9 /* Utilities.swift */; };
/* End PBXBuildFile section */

/* Begin PBXFileReference section */
		03F87BD8B8C66061B907674A /* Pods-CustomLogin.release.xcconfig */ = {isa = PBXFileReference; includeInIndex = 1; lastKnownFileType = text.xcconfig; name = "Pods-CustomLogin.release.xcconfig"; path = "Target Support Files/Pods-CustomLogin/Pods-CustomLogin.release.xcconfig"; sourceTree = "<group>"; };
		B42637BE24BF6E3C0064F200 /* GoogleService-Info.plist */ = {isa = PBXFileReference; fileEncoding = 4; lastKnownFileType = text.plist.xml; path = "GoogleService-Info.plist"; sourceTree = "<group>"; };
		B42637C024BF78D20064F200 /* Constants.swift */ = {isa = PBXFileReference; lastKnownFileType = sourcecode.swift; path = Constants.swift; sourceTree = "<group>"; };
		B4B92D6B24BE018B00180BE9 /* CustomLogin.app */ = {isa = PBXFileReference; explicitFileType = wrapper.application; includeInIndex = 0; path = CustomLogin.app; sourceTree = BUILT_PRODUCTS_DIR; };
		B4B92D6E24BE018B00180BE9 /* AppDelegate.swift */ = {isa = PBXFileReference; lastKnownFileType = sourcecode.swift; path = AppDelegate.swift; sourceTree = "<group>"; };
		B4B92D7024BE018B00180BE9 /* SceneDelegate.swift */ = {isa = PBXFileReference; lastKnownFileType = sourcecode.swift; path = SceneDelegate.swift; sourceTree = "<group>"; };
		B4B92D7224BE018B00180BE9 /* ViewController.swift */ = {isa = PBXFileReference; lastKnownFileType = sourcecode.swift; path = ViewController.swift; sourceTree = "<group>"; };
		B4B92D7524BE018B00180BE9 /* Base */ = {isa = PBXFileReference; lastKnownFileType = file.storyboard; name = Base; path = Base.lproj/Main.storyboard; sourceTree = "<group>"; };
		B4B92D7724BE018E00180BE9 /* Assets.xcassets */ = {isa = PBXFileReference; lastKnownFileType = folder.assetcatalog; path = Assets.xcassets; sourceTree = "<group>"; };
		B4B92D7A24BE018E00180BE9 /* Base */ = {isa = PBXFileReference; lastKnownFileType = file.storyboard; name = Base; path = Base.lproj/LaunchScreen.storyboard; sourceTree = "<group>"; };
		B4B92D7C24BE018E00180BE9 /* Info.plist */ = {isa = PBXFileReference; lastKnownFileType = text.plist.xml; path = Info.plist; sourceTree = "<group>"; };
		B4B92D8224BE01B700180BE9 /* SignUpViewController.swift */ = {isa = PBXFileReference; lastKnownFileType = sourcecode.swift; path = SignUpViewController.swift; sourceTree = "<group>"; };
		B4B92D8424BE01C200180BE9 /* LoginViewController.swift */ = {isa = PBXFileReference; lastKnownFileType = sourcecode.swift; path = LoginViewController.swift; sourceTree = "<group>"; };
		B4B92D8624BE01D200180BE9 /* HomeViewController.swift */ = {isa = PBXFileReference; lastKnownFileType = sourcecode.swift; path = HomeViewController.swift; sourceTree = "<group>"; };
		B4B92D8924BE0AF700180BE9 /* Utilities.swift */ = {isa = PBXFileReference; fileEncoding = 4; lastKnownFileType = sourcecode.swift; path = Utilities.swift; sourceTree = "<group>"; };
		BB3EB8893CA6905ABB1D0C27 /* Pods-CustomLogin.debug.xcconfig */ = {isa = PBXFileReference; includeInIndex = 1; lastKnownFileType = text.xcconfig; name = "Pods-CustomLogin.debug.xcconfig"; path = "Target Support Files/Pods-CustomLogin/Pods-CustomLogin.debug.xcconfig"; sourceTree = "<group>"; };
		E7A6C744C94494A15F86234E /* Pods_CustomLogin.framework */ = {isa = PBXFileReference; explicitFileType = wrapper.framework; includeInIndex = 0; path = Pods_CustomLogin.framework; sourceTree = BUILT_PRODUCTS_DIR; };
/* End PBXFileReference section */

/* Begin PBXFrameworksBuildPhase section */
		B4B92D6824BE018B00180BE9 /* Frameworks */ = {
			isa = PBXFrameworksBuildPhase;
			buildActionMask = 2147483647;
			files = (
				58A3ECAA6315C2C86AD51855 /* Pods_CustomLogin.framework in Frameworks */,
			);
			runOnlyForDeploymentPostprocessing = 0;
		};
/* End PBXFrameworksBuildPhase section */

/* Begin PBXGroup section */
		26E2D974D186BF2168F42BFE /* Frameworks */ = {
			isa = PBXGroup;
			children = (
				E7A6C744C94494A15F86234E /* Pods_CustomLogin.framework */,
			);
			name = Frameworks;
			sourceTree = "<group>";
		};
		B4B92D6224BE018B00180BE9 = {
			isa = PBXGroup;
			children = (
				B4B92D6D24BE018B00180BE9 /* CustomLogin */,
				B4B92D6C24BE018B00180BE9 /* Products */,
				CEF358936084836FFBFB8D81 /* Pods */,
				26E2D974D186BF2168F42BFE /* Frameworks */,
			);
			sourceTree = "<group>";
		};
		B4B92D6C24BE018B00180BE9 /* Products */ = {
			isa = PBXGroup;
			children = (
				B4B92D6B24BE018B00180BE9 /* CustomLogin.app */,
			);
			name = Products;
			sourceTree = "<group>";
		};
		B4B92D6D24BE018B00180BE9 /* CustomLogin */ = {
			isa = PBXGroup;
			children = (
				B4B92D8B24BE0B2F00180BE9 /* Helpers */,
				B4B92D8824BE01D900180BE9 /* View Controllers */,
				B4B92D6E24BE018B00180BE9 /* AppDelegate.swift */,
				B4B92D7024BE018B00180BE9 /* SceneDelegate.swift */,
				B4B92D7424BE018B00180BE9 /* Main.storyboard */,
				B4B92D7724BE018E00180BE9 /* Assets.xcassets */,
				B4B92D7924BE018E00180BE9 /* LaunchScreen.storyboard */,
				B4B92D7C24BE018E00180BE9 /* Info.plist */,
				B42637BE24BF6E3C0064F200 /* GoogleService-Info.plist */,
			);
			path = CustomLogin;
			sourceTree = "<group>";
		};
		B4B92D8824BE01D900180BE9 /* View Controllers */ = {
			isa = PBXGroup;
			children = (
				B4B92D7224BE018B00180BE9 /* ViewController.swift */,
				B4B92D8224BE01B700180BE9 /* SignUpViewController.swift */,
				B4B92D8424BE01C200180BE9 /* LoginViewController.swift */,
				B4B92D8624BE01D200180BE9 /* HomeViewController.swift */,
			);
			path = "View Controllers";
			sourceTree = "<group>";
		};
		B4B92D8B24BE0B2F00180BE9 /* Helpers */ = {
			isa = PBXGroup;
			children = (
				B4B92D8924BE0AF700180BE9 /* Utilities.swift */,
				B42637C024BF78D20064F200 /* Constants.swift */,
			);
			path = Helpers;
			sourceTree = "<group>";
		};
		CEF358936084836FFBFB8D81 /* Pods */ = {
			isa = PBXGroup;
			children = (
				BB3EB8893CA6905ABB1D0C27 /* Pods-CustomLogin.debug.xcconfig */,
				03F87BD8B8C66061B907674A /* Pods-CustomLogin.release.xcconfig */,
			);
			path = Pods;
			sourceTree = "<group>";
		};
/* End PBXGroup section */

/* Begin PBXNativeTarget section */
		B4B92D6A24BE018B00180BE9 /* CustomLogin */ = {
			isa = PBXNativeTarget;
			buildConfigurationList = B4B92D7F24BE018E00180BE9 /* Build configuration list for PBXNativeTarget "CustomLogin" */;
			buildPhases = (
				D6B2A6426A5CC9BA3C09623F /* [CP] Check Pods Manifest.lock */,
				B4B92D6724BE018B00180BE9 /* Sources */,
				B4B92D6824BE018B00180BE9 /* Frameworks */,
				B4B92D6924BE018B00180BE9 /* Resources */,
				48B76AD2F8DDE4DF98AA7EEC /* [CP] Embed Pods Frameworks */,
			);
			buildRules = (
			);
			dependencies = (
			);
			name = CustomLogin;
			productName = CustomLogin;
			productReference = B4B92D6B24BE018B00180BE9 /* CustomLogin.app */;
			productType = "com.apple.product-type.application";
		};
/* End PBXNativeTarget section */

/* Begin PBXProject section */
		B4B92D6324BE018B00180BE9 /* Project object */ = {
			isa = PBXProject;
			attributes = {
				LastSwiftUpdateCheck = 1150;
				LastUpgradeCheck = 1150;
				ORGANIZATIONNAME = "김호준";
				TargetAttributes = {
					B4B92D6A24BE018B00180BE9 = {
						CreatedOnToolsVersion = 11.5;
					};
				};
			};
			buildConfigurationList = B4B92D6624BE018B00180BE9 /* Build configuration list for PBXProject "CustomLogin" */;
			compatibilityVersion = "Xcode 9.3";
			developmentRegion = en;
			hasScannedForEncodings = 0;
			knownRegions = (
				en,
				Base,
			);
			mainGroup = B4B92D6224BE018B00180BE9;
			productRefGroup = B4B92D6C24BE018B00180BE9 /* Products */;
			projectDirPath = "";
			projectRoot = "";
			targets = (
				B4B92D6A24BE018B00180BE9 /* CustomLogin */,
			);
		};
/* End PBXProject section */

/* Begin PBXResourcesBuildPhase section */
		B4B92D6924BE018B00180BE9 /* Resources */ = {
			isa = PBXResourcesBuildPhase;
			buildActionMask = 2147483647;
			files = (
				B4B92D7B24BE018E00180BE9 /* LaunchScreen.storyboard in Resources */,
				B42637BF24BF6E3C0064F200 /* GoogleService-Info.plist in Resources */,
				B4B92D7824BE018E00180BE9 /* Assets.xcassets in Resources */,
				B4B92D7624BE018B00180BE9 /* Main.storyboard in Resources */,
			);
			runOnlyForDeploymentPostprocessing = 0;
		};
/* End PBXResourcesBuildPhase section */

/* Begin PBXShellScriptBuildPhase section */
		48B76AD2F8DDE4DF98AA7EEC /* [CP] Embed Pods Frameworks */ = {
			isa = PBXShellScriptBuildPhase;
			buildActionMask = 2147483647;
			files = (
			);
			inputFileListPaths = (
				"${PODS_ROOT}/Target Support Files/Pods-CustomLogin/Pods-CustomLogin-frameworks-${CONFIGURATION}-input-files.xcfilelist",
			);
			name = "[CP] Embed Pods Frameworks";
			outputFileListPaths = (
				"${PODS_ROOT}/Target Support Files/Pods-CustomLogin/Pods-CustomLogin-frameworks-${CONFIGURATION}-output-files.xcfilelist",
			);
			runOnlyForDeploymentPostprocessing = 0;
			shellPath = /bin/sh;
			shellScript = "\"${PODS_ROOT}/Target Support Files/Pods-CustomLogin/Pods-CustomLogin-frameworks.sh\"\n";
			showEnvVarsInLog = 0;
		};
		D6B2A6426A5CC9BA3C09623F /* [CP] Check Pods Manifest.lock */ = {
			isa = PBXShellScriptBuildPhase;
			buildActionMask = 2147483647;
			files = (
			);
			inputFileListPaths = (
			);
			inputPaths = (
				"${PODS_PODFILE_DIR_PATH}/Podfile.lock",
				"${PODS_ROOT}/Manifest.lock",
			);
			name = "[CP] Check Pods Manifest.lock";
			outputFileListPaths = (
			);
			outputPaths = (
				"$(DERIVED_FILE_DIR)/Pods-CustomLogin-checkManifestLockResult.txt",
			);
			runOnlyForDeploymentPostprocessing = 0;
			shellPath = /bin/sh;
			shellScript = "diff \"${PODS_PODFILE_DIR_PATH}/Podfile.lock\" \"${PODS_ROOT}/Manifest.lock\" > /dev/null\nif [ $? != 0 ] ; then\n    # print error to STDERR\n    echo \"error: The sandbox is not in sync with the Podfile.lock. Run 'pod install' or update your CocoaPods installation.\" >&2\n    exit 1\nfi\n# This output is used by Xcode 'outputs' to avoid re-running this script phase.\necho \"SUCCESS\" > \"${SCRIPT_OUTPUT_FILE_0}\"\n";
			showEnvVarsInLog = 0;
		};
/* End PBXShellScriptBuildPhase section */

/* Begin PBXSourcesBuildPhase section */
		B4B92D6724BE018B00180BE9 /* Sources */ = {
			isa = PBXSourcesBuildPhase;
			buildActionMask = 2147483647;
			files = (
				B4B92D7324BE018B00180BE9 /* ViewController.swift in Sources */,
				B4B92D6F24BE018B00180BE9 /* AppDelegate.swift in Sources */,
				B4B92D8A24BE0AF700180BE9 /* Utilities.swift in Sources */,
				B4B92D8324BE01B700180BE9 /* SignUpViewController.swift in Sources */,
				B4B92D8524BE01C200180BE9 /* LoginViewController.swift in Sources */,
				B4B92D7124BE018B00180BE9 /* SceneDelegate.swift in Sources */,
				B4B92D8724BE01D200180BE9 /* HomeViewController.swift in Sources */,
				B42637C124BF78D20064F200 /* Constants.swift in Sources */,
			);
			runOnlyForDeploymentPostprocessing = 0;
		};
/* End PBXSourcesBuildPhase section */

/* Begin PBXVariantGroup section */
		B4B92D7424BE018B00180BE9 /* Main.storyboard */ = {
			isa = PBXVariantGroup;
			children = (
				B4B92D7524BE018B00180BE9 /* Base */,
			);
			name = Main.storyboard;
			sourceTree = "<group>";
		};
		B4B92D7924BE018E00180BE9 /* LaunchScreen.storyboard */ = {
			isa = PBXVariantGroup;
			children = (
				B4B92D7A24BE018E00180BE9 /* Base */,
			);
			name = LaunchScreen.storyboard;
			sourceTree = "<group>";
		};
/* End PBXVariantGroup section */

/* Begin XCBuildConfiguration section */
		B4B92D7D24BE018E00180BE9 /* Debug */ = {
			isa = XCBuildConfiguration;
			buildSettings = {
				ALWAYS_SEARCH_USER_PATHS = NO;
				CLANG_ANALYZER_NONNULL = YES;
				CLANG_ANALYZER_NUMBER_OBJECT_CONVERSION = YES_AGGRESSIVE;
				CLANG_CXX_LANGUAGE_STANDARD = "gnu++14";
				CLANG_CXX_LIBRARY = "libc++";
				CLANG_ENABLE_MODULES = YES;
				CLANG_ENABLE_OBJC_ARC = YES;
				CLANG_ENABLE_OBJC_WEAK = YES;
				CLANG_WARN_BLOCK_CAPTURE_AUTORELEASING = YES;
				CLANG_WARN_BOOL_CONVERSION = YES;
				CLANG_WARN_COMMA = YES;
				CLANG_WARN_CONSTANT_CONVERSION = YES;
				CLANG_WARN_DEPRECATED_OBJC_IMPLEMENTATIONS = YES;
				CLANG_WARN_DIRECT_OBJC_ISA_USAGE = YES_ERROR;
				CLANG_WARN_DOCUMENTATION_COMMENTS = YES;
				CLANG_WARN_EMPTY_BODY = YES;
				CLANG_WARN_ENUM_CONVERSION = YES;
				CLANG_WARN_INFINITE_RECURSION = YES;
				CLANG_WARN_INT_CONVERSION = YES;
				CLANG_WARN_NON_LITERAL_NULL_CONVERSION = YES;
				CLANG_WARN_OBJC_IMPLICIT_RETAIN_SELF = YES;
				CLANG_WARN_OBJC_LITERAL_CONVERSION = YES;
				CLANG_WARN_OBJC_ROOT_CLASS = YES_ERROR;
				CLANG_WARN_RANGE_LOOP_ANALYSIS = YES;
				CLANG_WARN_STRICT_PROTOTYPES = YES;
				CLANG_WARN_SUSPICIOUS_MOVE = YES;
				CLANG_WARN_UNGUARDED_AVAILABILITY = YES_AGGRESSIVE;
				CLANG_WARN_UNREACHABLE_CODE = YES;
				CLANG_WARN__DUPLICATE_METHOD_MATCH = YES;
				COPY_PHASE_STRIP = NO;
				DEBUG_INFORMATION_FORMAT = dwarf;
				ENABLE_STRICT_OBJC_MSGSEND = YES;
				ENABLE_TESTABILITY = YES;
				GCC_C_LANGUAGE_STANDARD = gnu11;
				GCC_DYNAMIC_NO_PIC = NO;
				GCC_NO_COMMON_BLOCKS = YES;
				GCC_OPTIMIZATION_LEVEL = 0;
				GCC_PREPROCESSOR_DEFINITIONS = (
					"DEBUG=1",
					"$(inherited)",
				);
				GCC_WARN_64_TO_32_BIT_CONVERSION = YES;
				GCC_WARN_ABOUT_RETURN_TYPE = YES_ERROR;
				GCC_WARN_UNDECLARED_SELECTOR = YES;
				GCC_WARN_UNINITIALIZED_AUTOS = YES_AGGRESSIVE;
				GCC_WARN_UNUSED_FUNCTION = YES;
				GCC_WARN_UNUSED_VARIABLE = YES;
				IPHONEOS_DEPLOYMENT_TARGET = 13.5;
				MTL_ENABLE_DEBUG_INFO = INCLUDE_SOURCE;
				MTL_FAST_MATH = YES;
				ONLY_ACTIVE_ARCH = YES;
				SDKROOT = iphoneos;
				SWIFT_ACTIVE_COMPILATION_CONDITIONS = DEBUG;
				SWIFT_OPTIMIZATION_LEVEL = "-Onone";
			};
			name = Debug;
		};
		B4B92D7E24BE018E00180BE9 /* Release */ = {
			isa = XCBuildConfiguration;
			buildSettings = {
				ALWAYS_SEARCH_USER_PATHS = NO;
				CLANG_ANALYZER_NONNULL = YES;
				CLANG_ANALYZER_NUMBER_OBJECT_CONVERSION = YES_AGGRESSIVE;
				CLANG_CXX_LANGUAGE_STANDARD = "gnu++14";
				CLANG_CXX_LIBRARY = "libc++";
				CLANG_ENABLE_MODULES = YES;
				CLANG_ENABLE_OBJC_ARC = YES;
				CLANG_ENABLE_OBJC_WEAK = YES;
				CLANG_WARN_BLOCK_CAPTURE_AUTORELEASING = YES;
				CLANG_WARN_BOOL_CONVERSION = YES;
				CLANG_WARN_COMMA = YES;
				CLANG_WARN_CONSTANT_CONVERSION = YES;
				CLANG_WARN_DEPRECATED_OBJC_IMPLEMENTATIONS = YES;
				CLANG_WARN_DIRECT_OBJC_ISA_USAGE = YES_ERROR;
				CLANG_WARN_DOCUMENTATION_COMMENTS = YES;
				CLANG_WARN_EMPTY_BODY = YES;
				CLANG_WARN_ENUM_CONVERSION = YES;
				CLANG_WARN_INFINITE_RECURSION = YES;
				CLANG_WARN_INT_CONVERSION = YES;
				CLANG_WARN_NON_LITERAL_NULL_CONVERSION = YES;
				CLANG_WARN_OBJC_IMPLICIT_RETAIN_SELF = YES;
				CLANG_WARN_OBJC_LITERAL_CONVERSION = YES;
				CLANG_WARN_OBJC_ROOT_CLASS = YES_ERROR;
				CLANG_WARN_RANGE_LOOP_ANALYSIS = YES;
				CLANG_WARN_STRICT_PROTOTYPES = YES;
				CLANG_WARN_SUSPICIOUS_MOVE = YES;
				CLANG_WARN_UNGUARDED_AVAILABILITY = YES_AGGRESSIVE;
				CLANG_WARN_UNREACHABLE_CODE = YES;
				CLANG_WARN__DUPLICATE_METHOD_MATCH = YES;
				COPY_PHASE_STRIP = NO;
				DEBUG_INFORMATION_FORMAT = "dwarf-with-dsym";
				ENABLE_NS_ASSERTIONS = NO;
				ENABLE_STRICT_OBJC_MSGSEND = YES;
				GCC_C_LANGUAGE_STANDARD = gnu11;
				GCC_NO_COMMON_BLOCKS = YES;
				GCC_WARN_64_TO_32_BIT_CONVERSION = YES;
				GCC_WARN_ABOUT_RETURN_TYPE = YES_ERROR;
				GCC_WARN_UNDECLARED_SELECTOR = YES;
				GCC_WARN_UNINITIALIZED_AUTOS = YES_AGGRESSIVE;
				GCC_WARN_UNUSED_FUNCTION = YES;
				GCC_WARN_UNUSED_VARIABLE = YES;
				IPHONEOS_DEPLOYMENT_TARGET = 13.5;
				MTL_ENABLE_DEBUG_INFO = NO;
				MTL_FAST_MATH = YES;
				SDKROOT = iphoneos;
				SWIFT_COMPILATION_MODE = wholemodule;
				SWIFT_OPTIMIZATION_LEVEL = "-O";
				VALIDATE_PRODUCT = YES;
			};
			name = Release;
		};
		B4B92D8024BE018E00180BE9 /* Debug */ = {
			isa = XCBuildConfiguration;
			baseConfigurationReference = BB3EB8893CA6905ABB1D0C27 /* Pods-CustomLogin.debug.xcconfig */;
			buildSettings = {
				ASSETCATALOG_COMPILER_APPICON_NAME = AppIcon;
				CODE_SIGN_STYLE = Automatic;
				INFOPLIST_FILE = CustomLogin/Info.plist;
				LD_RUNPATH_SEARCH_PATHS = (
					"$(inherited)",
					"@executable_path/Frameworks",
				);
				PRODUCT_BUNDLE_IDENTIFIER = com.howift.CustomLogin;
				PRODUCT_NAME = "$(TARGET_NAME)";
				SWIFT_VERSION = 5.0;
				TARGETED_DEVICE_FAMILY = "1,2";
			};
			name = Debug;
		};
		B4B92D8124BE018E00180BE9 /* Release */ = {
			isa = XCBuildConfiguration;
			baseConfigurationReference = 03F87BD8B8C66061B907674A /* Pods-CustomLogin.release.xcconfig */;
			buildSettings = {
				ASSETCATALOG_COMPILER_APPICON_NAME = AppIcon;
				CODE_SIGN_STYLE = Automatic;
				INFOPLIST_FILE = CustomLogin/Info.plist;
				LD_RUNPATH_SEARCH_PATHS = (
					"$(inherited)",
					"@executable_path/Frameworks",
				);
				PRODUCT_BUNDLE_IDENTIFIER = com.howift.CustomLogin;
				PRODUCT_NAME = "$(TARGET_NAME)";
				SWIFT_VERSION = 5.0;
				TARGETED_DEVICE_FAMILY = "1,2";
			};
			name = Release;
		};
/* End XCBuildConfiguration section */

/* Begin XCConfigurationList section */
		B4B92D6624BE018B00180BE9 /* Build configuration list for PBXProject "CustomLogin" */ = {
			isa = XCConfigurationList;
			buildConfigurations = (
				B4B92D7D24BE018E00180BE9 /* Debug */,
				B4B92D7E24BE018E00180BE9 /* Release */,
			);
			defaultConfigurationIsVisible = 0;
			defaultConfigurationName = Release;
		};
		B4B92D7F24BE018E00180BE9 /* Build configuration list for PBXNativeTarget "CustomLogin" */ = {
			isa = XCConfigurationList;
			buildConfigurations = (
				B4B92D8024BE018E00180BE9 /* Debug */,
				B4B92D8124BE018E00180BE9 /* Release */,
			);
			defaultConfigurationIsVisible = 0;
			defaultConfigurationName = Release;
		};
/* End XCConfigurationList section */
	};
	rootObject = B4B92D6324BE018B00180BE9 /* Project object */;
}
