// !$*UTF8*$!
{
	archiveVersion = 1;
	classes = {
	};
	objectVersion = 50;
	objects = {

/* Begin PBXBuildFile section */
		B4C6AC9225121A980010DC9C /* AppDelegate.swift in Sources */ = {isa = PBXBuildFile; fileRef = B4C6AC9125121A980010DC9C /* AppDelegate.swift */; };
		B4C6AC9425121A980010DC9C /* SceneDelegate.swift in Sources */ = {isa = PBXBuildFile; fileRef = B4C6AC9325121A980010DC9C /* SceneDelegate.swift */; };
		B4C6AC9625121A980010DC9C /* ViewController.swift in Sources */ = {isa = PBXBuildFile; fileRef = B4C6AC9525121A980010DC9C /* ViewController.swift */; };
		B4C6AC9925121A980010DC9C /* Main.storyboard in Resources */ = {isa = PBXBuildFile; fileRef = B4C6AC9725121A980010DC9C /* Main.storyboard */; };
		B4C6AC9B25121A990010DC9C /* Assets.xcassets in Resources */ = {isa = PBXBuildFile; fileRef = B4C6AC9A25121A990010DC9C /* Assets.xcassets */; };
		B4C6AC9E25121A990010DC9C /* LaunchScreen.storyboard in Resources */ = {isa = PBXBuildFile; fileRef = B4C6AC9C25121A990010DC9C /* LaunchScreen.storyboard */; };
		B4C6ACA625121FAD0010DC9C /* UploadPhotoVC.swift in Sources */ = {isa = PBXBuildFile; fileRef = B4C6ACA525121FAD0010DC9C /* UploadPhotoVC.swift */; };
		B4C6ACA825122EBE0010DC9C /* ImageCell.swift in Sources */ = {isa = PBXBuildFile; fileRef = B4C6ACA725122EBE0010DC9C /* ImageCell.swift */; };
/* End PBXBuildFile section */

/* Begin PBXFileReference section */
		B4C6AC8E25121A980010DC9C /* CollectionImage.app */ = {isa = PBXFileReference; explicitFileType = wrapper.application; includeInIndex = 0; path = CollectionImage.app; sourceTree = BUILT_PRODUCTS_DIR; };
		B4C6AC9125121A980010DC9C /* AppDelegate.swift */ = {isa = PBXFileReference; lastKnownFileType = sourcecode.swift; path = AppDelegate.swift; sourceTree = "<group>"; };
		B4C6AC9325121A980010DC9C /* SceneDelegate.swift */ = {isa = PBXFileReference; lastKnownFileType = sourcecode.swift; path = SceneDelegate.swift; sourceTree = "<group>"; };
		B4C6AC9525121A980010DC9C /* ViewController.swift */ = {isa = PBXFileReference; lastKnownFileType = sourcecode.swift; path = ViewController.swift; sourceTree = "<group>"; };
		B4C6AC9825121A980010DC9C /* Base */ = {isa = PBXFileReference; lastKnownFileType = file.storyboard; name = Base; path = Base.lproj/Main.storyboard; sourceTree = "<group>"; };
		B4C6AC9A25121A990010DC9C /* Assets.xcassets */ = {isa = PBXFileReference; lastKnownFileType = folder.assetcatalog; path = Assets.xcassets; sourceTree = "<group>"; };
		B4C6AC9D25121A990010DC9C /* Base */ = {isa = PBXFileReference; lastKnownFileType = file.storyboard; name = Base; path = Base.lproj/LaunchScreen.storyboard; sourceTree = "<group>"; };
		B4C6AC9F25121A990010DC9C /* Info.plist */ = {isa = PBXFileReference; lastKnownFileType = text.plist.xml; path = Info.plist; sourceTree = "<group>"; };
		B4C6ACA525121FAD0010DC9C /* UploadPhotoVC.swift */ = {isa = PBXFileReference; lastKnownFileType = sourcecode.swift; path = UploadPhotoVC.swift; sourceTree = "<group>"; };
		B4C6ACA725122EBE0010DC9C /* ImageCell.swift */ = {isa = PBXFileReference; lastKnownFileType = sourcecode.swift; path = ImageCell.swift; sourceTree = "<group>"; };
/* End PBXFileReference section */

/* Begin PBXFrameworksBuildPhase section */
		B4C6AC8B25121A980010DC9C /* Frameworks */ = {
			isa = PBXFrameworksBuildPhase;
			buildActionMask = 2147483647;
			files = (
			);
			runOnlyForDeploymentPostprocessing = 0;
		};
/* End PBXFrameworksBuildPhase section */

/* Begin PBXGroup section */
		B4C6AC8525121A980010DC9C = {
			isa = PBXGroup;
			children = (
				B4C6AC9025121A980010DC9C /* CollectionImage */,
				B4C6AC8F25121A980010DC9C /* Products */,
			);
			sourceTree = "<group>";
		};
		B4C6AC8F25121A980010DC9C /* Products */ = {
			isa = PBXGroup;
			children = (
				B4C6AC8E25121A980010DC9C /* CollectionImage.app */,
			);
			name = Products;
			sourceTree = "<group>";
		};
		B4C6AC9025121A980010DC9C /* CollectionImage */ = {
			isa = PBXGroup;
			children = (
				B4C6AC9125121A980010DC9C /* AppDelegate.swift */,
				B4C6AC9325121A980010DC9C /* SceneDelegate.swift */,
				B4C6AC9525121A980010DC9C /* ViewController.swift */,
				B4C6ACA525121FAD0010DC9C /* UploadPhotoVC.swift */,
				B4C6ACA725122EBE0010DC9C /* ImageCell.swift */,
				B4C6AC9725121A980010DC9C /* Main.storyboard */,
				B4C6AC9A25121A990010DC9C /* Assets.xcassets */,
				B4C6AC9C25121A990010DC9C /* LaunchScreen.storyboard */,
				B4C6AC9F25121A990010DC9C /* Info.plist */,
			);
			path = CollectionImage;
			sourceTree = "<group>";
		};
/* End PBXGroup section */

/* Begin PBXNativeTarget section */
		B4C6AC8D25121A980010DC9C /* CollectionImage */ = {
			isa = PBXNativeTarget;
			buildConfigurationList = B4C6ACA225121A990010DC9C /* Build configuration list for PBXNativeTarget "CollectionImage" */;
			buildPhases = (
				B4C6AC8A25121A980010DC9C /* Sources */,
				B4C6AC8B25121A980010DC9C /* Frameworks */,
				B4C6AC8C25121A980010DC9C /* Resources */,
			);
			buildRules = (
			);
			dependencies = (
			);
			name = CollectionImage;
			productName = CollectionImage;
			productReference = B4C6AC8E25121A980010DC9C /* CollectionImage.app */;
			productType = "com.apple.product-type.application";
		};
/* End PBXNativeTarget section */

/* Begin PBXProject section */
		B4C6AC8625121A980010DC9C /* Project object */ = {
			isa = PBXProject;
			attributes = {
				LastSwiftUpdateCheck = 1170;
				LastUpgradeCheck = 1170;
				ORGANIZATIONNAME = "김호준";
				TargetAttributes = {
					B4C6AC8D25121A980010DC9C = {
						CreatedOnToolsVersion = 11.7;
					};
				};
			};
			buildConfigurationList = B4C6AC8925121A980010DC9C /* Build configuration list for PBXProject "CollectionImage" */;
			compatibilityVersion = "Xcode 9.3";
			developmentRegion = en;
			hasScannedForEncodings = 0;
			knownRegions = (
				en,
				Base,
			);
			mainGroup = B4C6AC8525121A980010DC9C;
			productRefGroup = B4C6AC8F25121A980010DC9C /* Products */;
			projectDirPath = "";
			projectRoot = "";
			targets = (
				B4C6AC8D25121A980010DC9C /* CollectionImage */,
			);
		};
/* End PBXProject section */

/* Begin PBXResourcesBuildPhase section */
		B4C6AC8C25121A980010DC9C /* Resources */ = {
			isa = PBXResourcesBuildPhase;
			buildActionMask = 2147483647;
			files = (
				B4C6AC9E25121A990010DC9C /* LaunchScreen.storyboard in Resources */,
				B4C6AC9B25121A990010DC9C /* Assets.xcassets in Resources */,
				B4C6AC9925121A980010DC9C /* Main.storyboard in Resources */,
			);
			runOnlyForDeploymentPostprocessing = 0;
		};
/* End PBXResourcesBuildPhase section */

/* Begin PBXSourcesBuildPhase section */
		B4C6AC8A25121A980010DC9C /* Sources */ = {
			isa = PBXSourcesBuildPhase;
			buildActionMask = 2147483647;
			files = (
				B4C6AC9625121A980010DC9C /* ViewController.swift in Sources */,
				B4C6AC9225121A980010DC9C /* AppDelegate.swift in Sources */,
				B4C6ACA625121FAD0010DC9C /* UploadPhotoVC.swift in Sources */,
				B4C6AC9425121A980010DC9C /* SceneDelegate.swift in Sources */,
				B4C6ACA825122EBE0010DC9C /* ImageCell.swift in Sources */,
			);
			runOnlyForDeploymentPostprocessing = 0;
		};
/* End PBXSourcesBuildPhase section */

/* Begin PBXVariantGroup section */
		B4C6AC9725121A980010DC9C /* Main.storyboard */ = {
			isa = PBXVariantGroup;
			children = (
				B4C6AC9825121A980010DC9C /* Base */,
			);
			name = Main.storyboard;
			sourceTree = "<group>";
		};
		B4C6AC9C25121A990010DC9C /* LaunchScreen.storyboard */ = {
			isa = PBXVariantGroup;
			children = (
				B4C6AC9D25121A990010DC9C /* Base */,
			);
			name = LaunchScreen.storyboard;
			sourceTree = "<group>";
		};
/* End PBXVariantGroup section */

/* Begin XCBuildConfiguration section */
		B4C6ACA025121A990010DC9C /* Debug */ = {
			isa = XCBuildConfiguration;
			buildSettings = {
				ALWAYS_SEARCH_USER_PATHS = NO;
				CLANG_ANALYZER_NONNULL = YES;
				CLANG_ANALYZER_NUMBER_OBJECT_CONVERSION = YES_AGGRESSIVE;
				CLANG_CXX_LANGUAGE_STANDARD = "gnu++14";
				CLANG_CXX_LIBRARY = "libc++";
				CLANG_ENABLE_MODULES = YES;
				CLANG_ENABLE_OBJC_ARC = YES;
				CLANG_ENABLE_OBJC_WEAK = YES;
				CLANG_WARN_BLOCK_CAPTURE_AUTORELEASING = YES;
				CLANG_WARN_BOOL_CONVERSION = YES;
				CLANG_WARN_COMMA = YES;
				CLANG_WARN_CONSTANT_CONVERSION = YES;
				CLANG_WARN_DEPRECATED_OBJC_IMPLEMENTATIONS = YES;
				CLANG_WARN_DIRECT_OBJC_ISA_USAGE = YES_ERROR;
				CLANG_WARN_DOCUMENTATION_COMMENTS = YES;
				CLANG_WARN_EMPTY_BODY = YES;
				CLANG_WARN_ENUM_CONVERSION = YES;
				CLANG_WARN_INFINITE_RECURSION = YES;
				CLANG_WARN_INT_CONVERSION = YES;
				CLANG_WARN_NON_LITERAL_NULL_CONVERSION = YES;
				CLANG_WARN_OBJC_IMPLICIT_RETAIN_SELF = YES;
				CLANG_WARN_OBJC_LITERAL_CONVERSION = YES;
				CLANG_WARN_OBJC_ROOT_CLASS = YES_ERROR;
				CLANG_WARN_RANGE_LOOP_ANALYSIS = YES;
				CLANG_WARN_STRICT_PROTOTYPES = YES;
				CLANG_WARN_SUSPICIOUS_MOVE = YES;
				CLANG_WARN_UNGUARDED_AVAILABILITY = YES_AGGRESSIVE;
				CLANG_WARN_UNREACHABLE_CODE = YES;
				CLANG_WARN__DUPLICATE_METHOD_MATCH = YES;
				COPY_PHASE_STRIP = NO;
				DEBUG_INFORMATION_FORMAT = dwarf;
				ENABLE_STRICT_OBJC_MSGSEND = YES;
				ENABLE_TESTABILITY = YES;
				GCC_C_LANGUAGE_STANDARD = gnu11;
				GCC_DYNAMIC_NO_PIC = NO;
				GCC_NO_COMMON_BLOCKS = YES;
				GCC_OPTIMIZATION_LEVEL = 0;
				GCC_PREPROCESSOR_DEFINITIONS = (
					"DEBUG=1",
					"$(inherited)",
				);
				GCC_WARN_64_TO_32_BIT_CONVERSION = YES;
				GCC_WARN_ABOUT_RETURN_TYPE = YES_ERROR;
				GCC_WARN_UNDECLARED_SELECTOR = YES;
				GCC_WARN_UNINITIALIZED_AUTOS = YES_AGGRESSIVE;
				GCC_WARN_UNUSED_FUNCTION = YES;
				GCC_WARN_UNUSED_VARIABLE = YES;
				IPHONEOS_DEPLOYMENT_TARGET = 13.7;
				MTL_ENABLE_DEBUG_INFO = INCLUDE_SOURCE;
				MTL_FAST_MATH = YES;
				ONLY_ACTIVE_ARCH = YES;
				SDKROOT = iphoneos;
				SWIFT_ACTIVE_COMPILATION_CONDITIONS = DEBUG;
				SWIFT_OPTIMIZATION_LEVEL = "-Onone";
			};
			name = Debug;
		};
		B4C6ACA125121A990010DC9C /* Release */ = {
			isa = XCBuildConfiguration;
			buildSettings = {
				ALWAYS_SEARCH_USER_PATHS = NO;
				CLANG_ANALYZER_NONNULL = YES;
				CLANG_ANALYZER_NUMBER_OBJECT_CONVERSION = YES_AGGRESSIVE;
				CLANG_CXX_LANGUAGE_STANDARD = "gnu++14";
				CLANG_CXX_LIBRARY = "libc++";
				CLANG_ENABLE_MODULES = YES;
				CLANG_ENABLE_OBJC_ARC = YES;
				CLANG_ENABLE_OBJC_WEAK = YES;
				CLANG_WARN_BLOCK_CAPTURE_AUTORELEASING = YES;
				CLANG_WARN_BOOL_CONVERSION = YES;
				CLANG_WARN_COMMA = YES;
				CLANG_WARN_CONSTANT_CONVERSION = YES;
				CLANG_WARN_DEPRECATED_OBJC_IMPLEMENTATIONS = YES;
				CLANG_WARN_DIRECT_OBJC_ISA_USAGE = YES_ERROR;
				CLANG_WARN_DOCUMENTATION_COMMENTS = YES;
				CLANG_WARN_EMPTY_BODY = YES;
				CLANG_WARN_ENUM_CONVERSION = YES;
				CLANG_WARN_INFINITE_RECURSION = YES;
				CLANG_WARN_INT_CONVERSION = YES;
				CLANG_WARN_NON_LITERAL_NULL_CONVERSION = YES;
				CLANG_WARN_OBJC_IMPLICIT_RETAIN_SELF = YES;
				CLANG_WARN_OBJC_LITERAL_CONVERSION = YES;
				CLANG_WARN_OBJC_ROOT_CLASS = YES_ERROR;
				CLANG_WARN_RANGE_LOOP_ANALYSIS = YES;
				CLANG_WARN_STRICT_PROTOTYPES = YES;
				CLANG_WARN_SUSPICIOUS_MOVE = YES;
				CLANG_WARN_UNGUARDED_AVAILABILITY = YES_AGGRESSIVE;
				CLANG_WARN_UNREACHABLE_CODE = YES;
				CLANG_WARN__DUPLICATE_METHOD_MATCH = YES;
				COPY_PHASE_STRIP = NO;
				DEBUG_INFORMATION_FORMAT = "dwarf-with-dsym";
				ENABLE_NS_ASSERTIONS = NO;
				ENABLE_STRICT_OBJC_MSGSEND = YES;
				GCC_C_LANGUAGE_STANDARD = gnu11;
				GCC_NO_COMMON_BLOCKS = YES;
				GCC_WARN_64_TO_32_BIT_CONVERSION = YES;
				GCC_WARN_ABOUT_RETURN_TYPE = YES_ERROR;
				GCC_WARN_UNDECLARED_SELECTOR = YES;
				GCC_WARN_UNINITIALIZED_AUTOS = YES_AGGRESSIVE;
				GCC_WARN_UNUSED_FUNCTION = YES;
				GCC_WARN_UNUSED_VARIABLE = YES;
				IPHONEOS_DEPLOYMENT_TARGET = 13.7;
				MTL_ENABLE_DEBUG_INFO = NO;
				MTL_FAST_MATH = YES;
				SDKROOT = iphoneos;
				SWIFT_COMPILATION_MODE = wholemodule;
				SWIFT_OPTIMIZATION_LEVEL = "-O";
				VALIDATE_PRODUCT = YES;
			};
			name = Release;
		};
		B4C6ACA325121A990010DC9C /* Debug */ = {
			isa = XCBuildConfiguration;
			buildSettings = {
				ASSETCATALOG_COMPILER_APPICON_NAME = AppIcon;
				CODE_SIGN_STYLE = Automatic;
				INFOPLIST_FILE = CollectionImage/Info.plist;
				LD_RUNPATH_SEARCH_PATHS = (
					"$(inherited)",
					"@executable_path/Frameworks",
				);
				PRODUCT_BUNDLE_IDENTIFIER = com.howift.CollectionImage;
				PRODUCT_NAME = "$(TARGET_NAME)";
				SWIFT_VERSION = 5.0;
				TARGETED_DEVICE_FAMILY = "1,2";
			};
			name = Debug;
		};
		B4C6ACA425121A990010DC9C /* Release */ = {
			isa = XCBuildConfiguration;
			buildSettings = {
				ASSETCATALOG_COMPILER_APPICON_NAME = AppIcon;
				CODE_SIGN_STYLE = Automatic;
				INFOPLIST_FILE = CollectionImage/Info.plist;
				LD_RUNPATH_SEARCH_PATHS = (
					"$(inherited)",
					"@executable_path/Frameworks",
				);
				PRODUCT_BUNDLE_IDENTIFIER = com.howift.CollectionImage;
				PRODUCT_NAME = "$(TARGET_NAME)";
				SWIFT_VERSION = 5.0;
				TARGETED_DEVICE_FAMILY = "1,2";
			};
			name = Release;
		};
/* End XCBuildConfiguration section */

/* Begin XCConfigurationList section */
		B4C6AC8925121A980010DC9C /* Build configuration list for PBXProject "CollectionImage" */ = {
			isa = XCConfigurationList;
			buildConfigurations = (
				B4C6ACA025121A990010DC9C /* Debug */,
				B4C6ACA125121A990010DC9C /* Release */,
			);
			defaultConfigurationIsVisible = 0;
			defaultConfigurationName = Release;
		};
		B4C6ACA225121A990010DC9C /* Build configuration list for PBXNativeTarget "CollectionImage" */ = {
			isa = XCConfigurationList;
			buildConfigurations = (
				B4C6ACA325121A990010DC9C /* Debug */,
				B4C6ACA425121A990010DC9C /* Release */,
			);
			defaultConfigurationIsVisible = 0;
			defaultConfigurationName = Release;
		};
/* End XCConfigurationList section */
	};
	rootObject = B4C6AC8625121A980010DC9C /* Project object */;
}
