// !$*UTF8*$!
{
	archiveVersion = 1;
	classes = {
	};
	objectVersion = 50;
	objects = {

/* Begin PBXBuildFile section */
		B4F22082250B819C009FB58E /* AppDelegate.swift in Sources */ = {isa = PBXBuildFile; fileRef = B4F22081250B819C009FB58E /* AppDelegate.swift */; };
		B4F22084250B819C009FB58E /* SceneDelegate.swift in Sources */ = {isa = PBXBuildFile; fileRef = B4F22083250B819C009FB58E /* SceneDelegate.swift */; };
		B4F22086250B819C009FB58E /* ViewController.swift in Sources */ = {isa = PBXBuildFile; fileRef = B4F22085250B819C009FB58E /* ViewController.swift */; };
		B4F22089250B819C009FB58E /* Main.storyboard in Resources */ = {isa = PBXBuildFile; fileRef = B4F22087250B819C009FB58E /* Main.storyboard */; };
		B4F2208B250B819E009FB58E /* Assets.xcassets in Resources */ = {isa = PBXBuildFile; fileRef = B4F2208A250B819E009FB58E /* Assets.xcassets */; };
		B4F2208E250B819E009FB58E /* LaunchScreen.storyboard in Resources */ = {isa = PBXBuildFile; fileRef = B4F2208C250B819E009FB58E /* LaunchScreen.storyboard */; };
		B4F22096250B8962009FB58E /* NumberCell.swift in Sources */ = {isa = PBXBuildFile; fileRef = B4F22095250B8962009FB58E /* NumberCell.swift */; };
/* End PBXBuildFile section */

/* Begin PBXFileReference section */
		B4F2207E250B819C009FB58E /* Collection View Practice.app */ = {isa = PBXFileReference; explicitFileType = wrapper.application; includeInIndex = 0; path = "Collection View Practice.app"; sourceTree = BUILT_PRODUCTS_DIR; };
		B4F22081250B819C009FB58E /* AppDelegate.swift */ = {isa = PBXFileReference; lastKnownFileType = sourcecode.swift; path = AppDelegate.swift; sourceTree = "<group>"; };
		B4F22083250B819C009FB58E /* SceneDelegate.swift */ = {isa = PBXFileReference; lastKnownFileType = sourcecode.swift; path = SceneDelegate.swift; sourceTree = "<group>"; };
		B4F22085250B819C009FB58E /* ViewController.swift */ = {isa = PBXFileReference; lastKnownFileType = sourcecode.swift; path = ViewController.swift; sourceTree = "<group>"; };
		B4F22088250B819C009FB58E /* Base */ = {isa = PBXFileReference; lastKnownFileType = file.storyboard; name = Base; path = Base.lproj/Main.storyboard; sourceTree = "<group>"; };
		B4F2208A250B819E009FB58E /* Assets.xcassets */ = {isa = PBXFileReference; lastKnownFileType = folder.assetcatalog; path = Assets.xcassets; sourceTree = "<group>"; };
		B4F2208D250B819E009FB58E /* Base */ = {isa = PBXFileReference; lastKnownFileType = file.storyboard; name = Base; path = Base.lproj/LaunchScreen.storyboard; sourceTree = "<group>"; };
		B4F2208F250B819E009FB58E /* Info.plist */ = {isa = PBXFileReference; lastKnownFileType = text.plist.xml; path = Info.plist; sourceTree = "<group>"; };
		B4F22095250B8962009FB58E /* NumberCell.swift */ = {isa = PBXFileReference; lastKnownFileType = sourcecode.swift; path = NumberCell.swift; sourceTree = "<group>"; };
/* End PBXFileReference section */

/* Begin PBXFrameworksBuildPhase section */
		B4F2207B250B819C009FB58E /* Frameworks */ = {
			isa = PBXFrameworksBuildPhase;
			buildActionMask = 2147483647;
			files = (
			);
			runOnlyForDeploymentPostprocessing = 0;
		};
/* End PBXFrameworksBuildPhase section */

/* Begin PBXGroup section */
		B4F22075250B819C009FB58E = {
			isa = PBXGroup;
			children = (
				B4F22080250B819C009FB58E /* Collection View Practice */,
				B4F2207F250B819C009FB58E /* Products */,
			);
			sourceTree = "<group>";
		};
		B4F2207F250B819C009FB58E /* Products */ = {
			isa = PBXGroup;
			children = (
				B4F2207E250B819C009FB58E /* Collection View Practice.app */,
			);
			name = Products;
			sourceTree = "<group>";
		};
		B4F22080250B819C009FB58E /* Collection View Practice */ = {
			isa = PBXGroup;
			children = (
				B4F22081250B819C009FB58E /* AppDelegate.swift */,
				B4F22083250B819C009FB58E /* SceneDelegate.swift */,
				B4F22085250B819C009FB58E /* ViewController.swift */,
				B4F22095250B8962009FB58E /* NumberCell.swift */,
				B4F22087250B819C009FB58E /* Main.storyboard */,
				B4F2208A250B819E009FB58E /* Assets.xcassets */,
				B4F2208C250B819E009FB58E /* LaunchScreen.storyboard */,
				B4F2208F250B819E009FB58E /* Info.plist */,
			);
			path = "Collection View Practice";
			sourceTree = "<group>";
		};
/* End PBXGroup section */

/* Begin PBXNativeTarget section */
		B4F2207D250B819C009FB58E /* Collection View Practice */ = {
			isa = PBXNativeTarget;
			buildConfigurationList = B4F22092250B819E009FB58E /* Build configuration list for PBXNativeTarget "Collection View Practice" */;
			buildPhases = (
				B4F2207A250B819C009FB58E /* Sources */,
				B4F2207B250B819C009FB58E /* Frameworks */,
				B4F2207C250B819C009FB58E /* Resources */,
			);
			buildRules = (
			);
			dependencies = (
			);
			name = "Collection View Practice";
			productName = "Collection View Practice";
			productReference = B4F2207E250B819C009FB58E /* Collection View Practice.app */;
			productType = "com.apple.product-type.application";
		};
/* End PBXNativeTarget section */

/* Begin PBXProject section */
		B4F22076250B819C009FB58E /* Project object */ = {
			isa = PBXProject;
			attributes = {
				LastSwiftUpdateCheck = 1170;
				LastUpgradeCheck = 1170;
				ORGANIZATIONNAME = "김호준";
				TargetAttributes = {
					B4F2207D250B819C009FB58E = {
						CreatedOnToolsVersion = 11.7;
					};
				};
			};
			buildConfigurationList = B4F22079250B819C009FB58E /* Build configuration list for PBXProject "Collection View Practice" */;
			compatibilityVersion = "Xcode 9.3";
			developmentRegion = en;
			hasScannedForEncodings = 0;
			knownRegions = (
				en,
				Base,
			);
			mainGroup = B4F22075250B819C009FB58E;
			productRefGroup = B4F2207F250B819C009FB58E /* Products */;
			projectDirPath = "";
			projectRoot = "";
			targets = (
				B4F2207D250B819C009FB58E /* Collection View Practice */,
			);
		};
/* End PBXProject section */

/* Begin PBXResourcesBuildPhase section */
		B4F2207C250B819C009FB58E /* Resources */ = {
			isa = PBXResourcesBuildPhase;
			buildActionMask = 2147483647;
			files = (
				B4F2208E250B819E009FB58E /* LaunchScreen.storyboard in Resources */,
				B4F2208B250B819E009FB58E /* Assets.xcassets in Resources */,
				B4F22089250B819C009FB58E /* Main.storyboard in Resources */,
			);
			runOnlyForDeploymentPostprocessing = 0;
		};
/* End PBXResourcesBuildPhase section */

/* Begin PBXSourcesBuildPhase section */
		B4F2207A250B819C009FB58E /* Sources */ = {
			isa = PBXSourcesBuildPhase;
			buildActionMask = 2147483647;
			files = (
				B4F22096250B8962009FB58E /* NumberCell.swift in Sources */,
				B4F22086250B819C009FB58E /* ViewController.swift in Sources */,
				B4F22082250B819C009FB58E /* AppDelegate.swift in Sources */,
				B4F22084250B819C009FB58E /* SceneDelegate.swift in Sources */,
			);
			runOnlyForDeploymentPostprocessing = 0;
		};
/* End PBXSourcesBuildPhase section */

/* Begin PBXVariantGroup section */
		B4F22087250B819C009FB58E /* Main.storyboard */ = {
			isa = PBXVariantGroup;
			children = (
				B4F22088250B819C009FB58E /* Base */,
			);
			name = Main.storyboard;
			sourceTree = "<group>";
		};
		B4F2208C250B819E009FB58E /* LaunchScreen.storyboard */ = {
			isa = PBXVariantGroup;
			children = (
				B4F2208D250B819E009FB58E /* Base */,
			);
			name = LaunchScreen.storyboard;
			sourceTree = "<group>";
		};
/* End PBXVariantGroup section */

/* Begin XCBuildConfiguration section */
		B4F22090250B819E009FB58E /* Debug */ = {
			isa = XCBuildConfiguration;
			buildSettings = {
				ALWAYS_SEARCH_USER_PATHS = NO;
				CLANG_ANALYZER_NONNULL = YES;
				CLANG_ANALYZER_NUMBER_OBJECT_CONVERSION = YES_AGGRESSIVE;
				CLANG_CXX_LANGUAGE_STANDARD = "gnu++14";
				CLANG_CXX_LIBRARY = "libc++";
				CLANG_ENABLE_MODULES = YES;
				CLANG_ENABLE_OBJC_ARC = YES;
				CLANG_ENABLE_OBJC_WEAK = YES;
				CLANG_WARN_BLOCK_CAPTURE_AUTORELEASING = YES;
				CLANG_WARN_BOOL_CONVERSION = YES;
				CLANG_WARN_COMMA = YES;
				CLANG_WARN_CONSTANT_CONVERSION = YES;
				CLANG_WARN_DEPRECATED_OBJC_IMPLEMENTATIONS = YES;
				CLANG_WARN_DIRECT_OBJC_ISA_USAGE = YES_ERROR;
				CLANG_WARN_DOCUMENTATION_COMMENTS = YES;
				CLANG_WARN_EMPTY_BODY = YES;
				CLANG_WARN_ENUM_CONVERSION = YES;
				CLANG_WARN_INFINITE_RECURSION = YES;
				CLANG_WARN_INT_CONVERSION = YES;
				CLANG_WARN_NON_LITERAL_NULL_CONVERSION = YES;
				CLANG_WARN_OBJC_IMPLICIT_RETAIN_SELF = YES;
				CLANG_WARN_OBJC_LITERAL_CONVERSION = YES;
				CLANG_WARN_OBJC_ROOT_CLASS = YES_ERROR;
				CLANG_WARN_RANGE_LOOP_ANALYSIS = YES;
				CLANG_WARN_STRICT_PROTOTYPES = YES;
				CLANG_WARN_SUSPICIOUS_MOVE = YES;
				CLANG_WARN_UNGUARDED_AVAILABILITY = YES_AGGRESSIVE;
				CLANG_WARN_UNREACHABLE_CODE = YES;
				CLANG_WARN__DUPLICATE_METHOD_MATCH = YES;
				COPY_PHASE_STRIP = NO;
				DEBUG_INFORMATION_FORMAT = dwarf;
				ENABLE_STRICT_OBJC_MSGSEND = YES;
				ENABLE_TESTABILITY = YES;
				GCC_C_LANGUAGE_STANDARD = gnu11;
				GCC_DYNAMIC_NO_PIC = NO;
				GCC_NO_COMMON_BLOCKS = YES;
				GCC_OPTIMIZATION_LEVEL = 0;
				GCC_PREPROCESSOR_DEFINITIONS = (
					"DEBUG=1",
					"$(inherited)",
				);
				GCC_WARN_64_TO_32_BIT_CONVERSION = YES;
				GCC_WARN_ABOUT_RETURN_TYPE = YES_ERROR;
				GCC_WARN_UNDECLARED_SELECTOR = YES;
				GCC_WARN_UNINITIALIZED_AUTOS = YES_AGGRESSIVE;
				GCC_WARN_UNUSED_FUNCTION = YES;
				GCC_WARN_UNUSED_VARIABLE = YES;
				IPHONEOS_DEPLOYMENT_TARGET = 13.7;
				MTL_ENABLE_DEBUG_INFO = INCLUDE_SOURCE;
				MTL_FAST_MATH = YES;
				ONLY_ACTIVE_ARCH = YES;
				SDKROOT = iphoneos;
				SWIFT_ACTIVE_COMPILATION_CONDITIONS = DEBUG;
				SWIFT_OPTIMIZATION_LEVEL = "-Onone";
			};
			name = Debug;
		};
		B4F22091250B819E009FB58E /* Release */ = {
			isa = XCBuildConfiguration;
			buildSettings = {
				ALWAYS_SEARCH_USER_PATHS = NO;
				CLANG_ANALYZER_NONNULL = YES;
				CLANG_ANALYZER_NUMBER_OBJECT_CONVERSION = YES_AGGRESSIVE;
				CLANG_CXX_LANGUAGE_STANDARD = "gnu++14";
				CLANG_CXX_LIBRARY = "libc++";
				CLANG_ENABLE_MODULES = YES;
				CLANG_ENABLE_OBJC_ARC = YES;
				CLANG_ENABLE_OBJC_WEAK = YES;
				CLANG_WARN_BLOCK_CAPTURE_AUTORELEASING = YES;
				CLANG_WARN_BOOL_CONVERSION = YES;
				CLANG_WARN_COMMA = YES;
				CLANG_WARN_CONSTANT_CONVERSION = YES;
				CLANG_WARN_DEPRECATED_OBJC_IMPLEMENTATIONS = YES;
				CLANG_WARN_DIRECT_OBJC_ISA_USAGE = YES_ERROR;
				CLANG_WARN_DOCUMENTATION_COMMENTS = YES;
				CLANG_WARN_EMPTY_BODY = YES;
				CLANG_WARN_ENUM_CONVERSION = YES;
				CLANG_WARN_INFINITE_RECURSION = YES;
				CLANG_WARN_INT_CONVERSION = YES;
				CLANG_WARN_NON_LITERAL_NULL_CONVERSION = YES;
				CLANG_WARN_OBJC_IMPLICIT_RETAIN_SELF = YES;
				CLANG_WARN_OBJC_LITERAL_CONVERSION = YES;
				CLANG_WARN_OBJC_ROOT_CLASS = YES_ERROR;
				CLANG_WARN_RANGE_LOOP_ANALYSIS = YES;
				CLANG_WARN_STRICT_PROTOTYPES = YES;
				CLANG_WARN_SUSPICIOUS_MOVE = YES;
				CLANG_WARN_UNGUARDED_AVAILABILITY = YES_AGGRESSIVE;
				CLANG_WARN_UNREACHABLE_CODE = YES;
				CLANG_WARN__DUPLICATE_METHOD_MATCH = YES;
				COPY_PHASE_STRIP = NO;
				DEBUG_INFORMATION_FORMAT = "dwarf-with-dsym";
				ENABLE_NS_ASSERTIONS = NO;
				ENABLE_STRICT_OBJC_MSGSEND = YES;
				GCC_C_LANGUAGE_STANDARD = gnu11;
				GCC_NO_COMMON_BLOCKS = YES;
				GCC_WARN_64_TO_32_BIT_CONVERSION = YES;
				GCC_WARN_ABOUT_RETURN_TYPE = YES_ERROR;
				GCC_WARN_UNDECLARED_SELECTOR = YES;
				GCC_WARN_UNINITIALIZED_AUTOS = YES_AGGRESSIVE;
				GCC_WARN_UNUSED_FUNCTION = YES;
				GCC_WARN_UNUSED_VARIABLE = YES;
				IPHONEOS_DEPLOYMENT_TARGET = 13.7;
				MTL_ENABLE_DEBUG_INFO = NO;
				MTL_FAST_MATH = YES;
				SDKROOT = iphoneos;
				SWIFT_COMPILATION_MODE = wholemodule;
				SWIFT_OPTIMIZATION_LEVEL = "-O";
				VALIDATE_PRODUCT = YES;
			};
			name = Release;
		};
		B4F22093250B819E009FB58E /* Debug */ = {
			isa = XCBuildConfiguration;
			buildSettings = {
				ASSETCATALOG_COMPILER_APPICON_NAME = AppIcon;
				CODE_SIGN_STYLE = Automatic;
				INFOPLIST_FILE = "Collection View Practice/Info.plist";
				LD_RUNPATH_SEARCH_PATHS = (
					"$(inherited)",
					"@executable_path/Frameworks",
				);
				PRODUCT_BUNDLE_IDENTIFIER = "com.howift.Collection-View-Practice";
				PRODUCT_NAME = "$(TARGET_NAME)";
				SWIFT_VERSION = 5.0;
				TARGETED_DEVICE_FAMILY = "1,2";
			};
			name = Debug;
		};
		B4F22094250B819E009FB58E /* Release */ = {
			isa = XCBuildConfiguration;
			buildSettings = {
				ASSETCATALOG_COMPILER_APPICON_NAME = AppIcon;
				CODE_SIGN_STYLE = Automatic;
				INFOPLIST_FILE = "Collection View Practice/Info.plist";
				LD_RUNPATH_SEARCH_PATHS = (
					"$(inherited)",
					"@executable_path/Frameworks",
				);
				PRODUCT_BUNDLE_IDENTIFIER = "com.howift.Collection-View-Practice";
				PRODUCT_NAME = "$(TARGET_NAME)";
				SWIFT_VERSION = 5.0;
				TARGETED_DEVICE_FAMILY = "1,2";
			};
			name = Release;
		};
/* End XCBuildConfiguration section */

/* Begin XCConfigurationList section */
		B4F22079250B819C009FB58E /* Build configuration list for PBXProject "Collection View Practice" */ = {
			isa = XCConfigurationList;
			buildConfigurations = (
				B4F22090250B819E009FB58E /* Debug */,
				B4F22091250B819E009FB58E /* Release */,
			);
			defaultConfigurationIsVisible = 0;
			defaultConfigurationName = Release;
		};
		B4F22092250B819E009FB58E /* Build configuration list for PBXNativeTarget "Collection View Practice" */ = {
			isa = XCConfigurationList;
			buildConfigurations = (
				B4F22093250B819E009FB58E /* Debug */,
				B4F22094250B819E009FB58E /* Release */,
			);
			defaultConfigurationIsVisible = 0;
			defaultConfigurationName = Release;
		};
/* End XCConfigurationList section */
	};
	rootObject = B4F22076250B819C009FB58E /* Project object */;
}
